
Microsoft Visual Studio Solution File, Format Version 9.00
# Visual Studio 2005
Project("{8BC9CEB8-8B4A-11D0-8D11-00A0C91BC942}") = "CHDLL", "CHDLL\CHDLL.vcproj", "{600B4633-1E86-44D1-8875-8993B9F5A711}"
	ProjectSection(ProjectDependencies) = postProject
		{7D36ED16-0A4B-4C7B-893C-26CB2D5E3DC4} = {7D36ED16-0A4B-4C7B-893C-26CB2D5E3DC4}
	EndProjectSection
EndProject
Project("{8BC9CEB8-8B4A-11D0-8D11-00A0C91BC942}") = "skdtest", "DemoPC\DemoPC.vcproj", "{0E94D791-4237-4223-BDF0-99F0CA74C9FB}"
	ProjectSection(ProjectDependencies) = postProject
		{600B4633-1E86-44D1-8875-8993B9F5A711} = {600B4633-1E86-44D1-8875-8993B9F5A711}
	EndProjectSection
EndProject
Project("{8BC9CEB8-8B4A-11D0-8D11-00A0C91BC942}") = "skia_ce", "skia_ce\skia_ce.vcproj", "{7D36ED16-0A4B-4C7B-893C-26CB2D5E3DC4}"
EndProject
Project("{8BC9CEB8-8B4A-11D0-8D11-00A0C91BC942}") = "SetupActivity", "SetupActivity\SetupActivity.vcproj", "{043F6D29-FB3C-4390-B3E9-59560B5DFD68}"
	ProjectSection(ProjectDependencies) = postProject
		{05AAEEEC-4A99-4679-A486-CB387AC00ECB} = {05AAEEEC-4A99-4679-A486-CB387AC00ECB}
		{600B4633-1E86-44D1-8875-8993B9F5A711} = {600B4633-1E86-44D1-8875-8993B9F5A711}
	EndProjectSection
EndProject
Project("{8BC9CEB8-8B4A-11D0-8D11-00A0C91BC942}") = "DiscActivity", "DiscActivity\DiscActivity.vcproj", "{B14C09B2-9E5B-4DB5-BCC0-80EEAE4413B2}"
	ProjectSection(ProjectDependencies) = postProject
		{05AAEEEC-4A99-4679-A486-CB387AC00ECB} = {05AAEEEC-4A99-4679-A486-CB387AC00ECB}
		{600B4633-1E86-44D1-8875-8993B9F5A711} = {600B4633-1E86-44D1-8875-8993B9F5A711}
	EndProjectSection
EndProject
Project("{8BC9CEB8-8B4A-11D0-8D11-00A0C91BC942}") = "USBActivity", "USBActivity\USBActivity.vcproj", "{32EC468E-066D-4F5F-A733-C430304668C2}"
	ProjectSection(ProjectDependencies) = postProject
		{05AAEEEC-4A99-4679-A486-CB387AC00ECB} = {05AAEEEC-4A99-4679-A486-CB387AC00ECB}
		{600B4633-1E86-44D1-8875-8993B9F5A711} = {600B4633-1E86-44D1-8875-8993B9F5A711}
	EndProjectSection
EndProject
Project("{8BC9CEB8-8B4A-11D0-8D11-00A0C91BC942}") = "HardwareDll", "HardwareDll\HardwareDll.vcproj", "{05AAEEEC-4A99-4679-A486-CB387AC00ECB}"
	ProjectSection(ProjectDependencies) = postProject
		{600B4633-1E86-44D1-8875-8993B9F5A711} = {600B4633-1E86-44D1-8875-8993B9F5A711}
	EndProjectSection
EndProject
Project("{8BC9CEB8-8B4A-11D0-8D11-00A0C91BC942}") = "RadioActivity", "RadioActivity\RadioActivity.vcproj", "{0B699A02-F22C-40B2-8DA2-202BA1109986}"
	ProjectSection(ProjectDependencies) = postProject
		{05AAEEEC-4A99-4679-A486-CB387AC00ECB} = {05AAEEEC-4A99-4679-A486-CB387AC00ECB}
		{600B4633-1E86-44D1-8875-8993B9F5A711} = {600B4633-1E86-44D1-8875-8993B9F5A711}
	EndProjectSection
EndProject
Project("{8BC9CEB8-8B4A-11D0-8D11-00A0C91BC942}") = "IPODActivity", "IPODActivity\IPODActivity.vcproj", "{62BB9F60-7221-41BB-8819-6D9AE33F3816}"
	ProjectSection(ProjectDependencies) = postProject
		{600B4633-1E86-44D1-8875-8993B9F5A711} = {600B4633-1E86-44D1-8875-8993B9F5A711}
		{05AAEEEC-4A99-4679-A486-CB387AC00ECB} = {05AAEEEC-4A99-4679-A486-CB387AC00ECB}
	EndProjectSection
EndProject
Project("{8BC9CEB8-8B4A-11D0-8D11-00A0C91BC942}") = "NaviActivity", "NaviActivity\NaviActivity.vcproj", "{C22A1646-2B8D-4B95-B40E-280B4E961397}"
	ProjectSection(ProjectDependencies) = postProject
		{05AAEEEC-4A99-4679-A486-CB387AC00ECB} = {05AAEEEC-4A99-4679-A486-CB387AC00ECB}
		{600B4633-1E86-44D1-8875-8993B9F5A711} = {600B4633-1E86-44D1-8875-8993B9F5A711}
	EndProjectSection
EndProject
Project("{8BC9CEB8-8B4A-11D0-8D11-00A0C91BC942}") = "AuxActivity", "AuxActivity\AuxActivity.vcproj", "{3F7FF331-6E8A-43E9-BDC1-D8E8299720E8}"
	ProjectSection(ProjectDependencies) = postProject
		{600B4633-1E86-44D1-8875-8993B9F5A711} = {600B4633-1E86-44D1-8875-8993B9F5A711}
		{05AAEEEC-4A99-4679-A486-CB387AC00ECB} = {05AAEEEC-4A99-4679-A486-CB387AC00ECB}
	EndProjectSection
EndProject
Project("{8BC9CEB8-8B4A-11D0-8D11-00A0C91BC942}") = "DTVActivity", "DTVActivity\DTVActivity.vcproj", "{AA187386-1772-43CE-A9FE-35558902382F}"
	ProjectSection(ProjectDependencies) = postProject
		{600B4633-1E86-44D1-8875-8993B9F5A711} = {600B4633-1E86-44D1-8875-8993B9F5A711}
		{05AAEEEC-4A99-4679-A486-CB387AC00ECB} = {05AAEEEC-4A99-4679-A486-CB387AC00ECB}
	EndProjectSection
EndProject
Project("{8BC9CEB8-8B4A-11D0-8D11-00A0C91BC942}") = "BTMusicActivity", "BTActivity\BTActivity.vcproj", "{E30478EC-C1BF-4103-9F34-00881435C0E6}"
	ProjectSection(ProjectDependencies) = postProject
		{600B4633-1E86-44D1-8875-8993B9F5A711} = {600B4633-1E86-44D1-8875-8993B9F5A711}
		{05AAEEEC-4A99-4679-A486-CB387AC00ECB} = {05AAEEEC-4A99-4679-A486-CB387AC00ECB}
	EndProjectSection
EndProject
Project("{8BC9CEB8-8B4A-11D0-8D11-00A0C91BC942}") = "PhoneActivity", "PhoneActivity\PhoneActivity.vcproj", "{20AE84AD-BFDC-49CE-8EAB-70B7F6FE112B}"
	ProjectSection(ProjectDependencies) = postProject
		{05AAEEEC-4A99-4679-A486-CB387AC00ECB} = {05AAEEEC-4A99-4679-A486-CB387AC00ECB}
		{C22A1646-2B8D-4B95-B40E-280B4E961397} = {C22A1646-2B8D-4B95-B40E-280B4E961397}
		{600B4633-1E86-44D1-8875-8993B9F5A711} = {600B4633-1E86-44D1-8875-8993B9F5A711}
	EndProjectSection
EndProject
Global
	GlobalSection(SolutionConfigurationPlatforms) = preSolution
		Debug|Mixed Platforms = Debug|Mixed Platforms
		Debug|Pocket PC 2003 (ARMV4) = Debug|Pocket PC 2003 (ARMV4)
		Debug|SDK2 (ARMV4I) = Debug|SDK2 (ARMV4I)
		Debug|STANDARDSDK_500 (ARMV4I) = Debug|STANDARDSDK_500 (ARMV4I)
		Debug|STANDARDSDK_500 (MIPSII) = Debug|STANDARDSDK_500 (MIPSII)
		Debug|STANDARDSDK_500 (MIPSII_FP) = Debug|STANDARDSDK_500 (MIPSII_FP)
		Debug|STANDARDSDK_500 (MIPSIV) = Debug|STANDARDSDK_500 (MIPSIV)
		Debug|STANDARDSDK_500 (MIPSIV_FP) = Debug|STANDARDSDK_500 (MIPSIV_FP)
		Debug|STANDARDSDK_500 (SH4) = Debug|STANDARDSDK_500 (SH4)
		Debug|STANDARDSDK_500 (x86) = Debug|STANDARDSDK_500 (x86)
		Debug|TCC892x_W7_SDK (ARMv4I) = Debug|TCC892x_W7_SDK (ARMv4I)
		Debug|tele_SDK1 (ARMV4I) = Debug|tele_SDK1 (ARMV4I)
		Debug|Windows Mobile 6 Professional SDK (ARMV4I) = Debug|Windows Mobile 6 Professional SDK (ARMV4I)
		Debug|YC210SDK (ARMV4I) = Debug|YC210SDK (ARMV4I)
		Release|Mixed Platforms = Release|Mixed Platforms
		Release|Pocket PC 2003 (ARMV4) = Release|Pocket PC 2003 (ARMV4)
		Release|SDK2 (ARMV4I) = Release|SDK2 (ARMV4I)
		Release|STANDARDSDK_500 (ARMV4I) = Release|STANDARDSDK_500 (ARMV4I)
		Release|STANDARDSDK_500 (MIPSII) = Release|STANDARDSDK_500 (MIPSII)
		Release|STANDARDSDK_500 (MIPSII_FP) = Release|STANDARDSDK_500 (MIPSII_FP)
		Release|STANDARDSDK_500 (MIPSIV) = Release|STANDARDSDK_500 (MIPSIV)
		Release|STANDARDSDK_500 (MIPSIV_FP) = Release|STANDARDSDK_500 (MIPSIV_FP)
		Release|STANDARDSDK_500 (SH4) = Release|STANDARDSDK_500 (SH4)
		Release|STANDARDSDK_500 (x86) = Release|STANDARDSDK_500 (x86)
		Release|TCC892x_W7_SDK (ARMv4I) = Release|TCC892x_W7_SDK (ARMv4I)
		Release|tele_SDK1 (ARMV4I) = Release|tele_SDK1 (ARMV4I)
		Release|Windows Mobile 6 Professional SDK (ARMV4I) = Release|Windows Mobile 6 Professional SDK (ARMV4I)
		Release|YC210SDK (ARMV4I) = Release|YC210SDK (ARMV4I)
	EndGlobalSection
	GlobalSection(ProjectConfigurationPlatforms) = postSolution
		{600B4633-1E86-44D1-8875-8993B9F5A711}.Debug|Mixed Platforms.ActiveCfg = Debug|YC210SDK (ARMV4I)
		{600B4633-1E86-44D1-8875-8993B9F5A711}.Debug|Mixed Platforms.Build.0 = Debug|YC210SDK (ARMV4I)
		{600B4633-1E86-44D1-8875-8993B9F5A711}.Debug|Mixed Platforms.Deploy.0 = Debug|YC210SDK (ARMV4I)
		{600B4633-1E86-44D1-8875-8993B9F5A711}.Debug|Pocket PC 2003 (ARMV4).ActiveCfg = Debug|YC210SDK (ARMV4I)
		{600B4633-1E86-44D1-8875-8993B9F5A711}.Debug|Pocket PC 2003 (ARMV4).Build.0 = Debug|YC210SDK (ARMV4I)
		{600B4633-1E86-44D1-8875-8993B9F5A711}.Debug|Pocket PC 2003 (ARMV4).Deploy.0 = Debug|YC210SDK (ARMV4I)
		{600B4633-1E86-44D1-8875-8993B9F5A711}.Debug|SDK2 (ARMV4I).ActiveCfg = Debug|YC210SDK (ARMV4I)
		{600B4633-1E86-44D1-8875-8993B9F5A711}.Debug|SDK2 (ARMV4I).Build.0 = Debug|YC210SDK (ARMV4I)
		{600B4633-1E86-44D1-8875-8993B9F5A711}.Debug|SDK2 (ARMV4I).Deploy.0 = Debug|YC210SDK (ARMV4I)
		{600B4633-1E86-44D1-8875-8993B9F5A711}.Debug|STANDARDSDK_500 (ARMV4I).ActiveCfg = Debug|YC210SDK (ARMV4I)
		{600B4633-1E86-44D1-8875-8993B9F5A711}.Debug|STANDARDSDK_500 (MIPSII).ActiveCfg = Debug|YC210SDK (ARMV4I)
		{600B4633-1E86-44D1-8875-8993B9F5A711}.Debug|STANDARDSDK_500 (MIPSII_FP).ActiveCfg = Debug|YC210SDK (ARMV4I)
		{600B4633-1E86-44D1-8875-8993B9F5A711}.Debug|STANDARDSDK_500 (MIPSIV).ActiveCfg = Debug|YC210SDK (ARMV4I)
		{600B4633-1E86-44D1-8875-8993B9F5A711}.Debug|STANDARDSDK_500 (MIPSIV_FP).ActiveCfg = Debug|YC210SDK (ARMV4I)
		{600B4633-1E86-44D1-8875-8993B9F5A711}.Debug|STANDARDSDK_500 (SH4).ActiveCfg = Debug|YC210SDK (ARMV4I)
		{600B4633-1E86-44D1-8875-8993B9F5A711}.Debug|STANDARDSDK_500 (x86).ActiveCfg = Debug|YC210SDK (ARMV4I)
		{600B4633-1E86-44D1-8875-8993B9F5A711}.Debug|TCC892x_W7_SDK (ARMv4I).ActiveCfg = Debug|YC210SDK (ARMV4I)
		{600B4633-1E86-44D1-8875-8993B9F5A711}.Debug|tele_SDK1 (ARMV4I).ActiveCfg = Debug|YC210SDK (ARMV4I)
		{600B4633-1E86-44D1-8875-8993B9F5A711}.Debug|Windows Mobile 6 Professional SDK (ARMV4I).ActiveCfg = Debug|YC210SDK (ARMV4I)
		{600B4633-1E86-44D1-8875-8993B9F5A711}.Debug|YC210SDK (ARMV4I).ActiveCfg = Debug|YC210SDK (ARMV4I)
		{600B4633-1E86-44D1-8875-8993B9F5A711}.Debug|YC210SDK (ARMV4I).Build.0 = Debug|YC210SDK (ARMV4I)
		{600B4633-1E86-44D1-8875-8993B9F5A711}.Debug|YC210SDK (ARMV4I).Deploy.0 = Debug|YC210SDK (ARMV4I)
		{600B4633-1E86-44D1-8875-8993B9F5A711}.Release|Mixed Platforms.ActiveCfg = Release|YC210SDK (ARMV4I)
		{600B4633-1E86-44D1-8875-8993B9F5A711}.Release|Mixed Platforms.Build.0 = Release|YC210SDK (ARMV4I)
		{600B4633-1E86-44D1-8875-8993B9F5A711}.Release|Mixed Platforms.Deploy.0 = Release|YC210SDK (ARMV4I)
		{600B4633-1E86-44D1-8875-8993B9F5A711}.Release|Pocket PC 2003 (ARMV4).ActiveCfg = Release|YC210SDK (ARMV4I)
		{600B4633-1E86-44D1-8875-8993B9F5A711}.Release|Pocket PC 2003 (ARMV4).Build.0 = Release|YC210SDK (ARMV4I)
		{600B4633-1E86-44D1-8875-8993B9F5A711}.Release|Pocket PC 2003 (ARMV4).Deploy.0 = Release|YC210SDK (ARMV4I)
		{600B4633-1E86-44D1-8875-8993B9F5A711}.Release|SDK2 (ARMV4I).ActiveCfg = Release|YC210SDK (ARMV4I)
		{600B4633-1E86-44D1-8875-8993B9F5A711}.Release|SDK2 (ARMV4I).Build.0 = Release|YC210SDK (ARMV4I)
		{600B4633-1E86-44D1-8875-8993B9F5A711}.Release|SDK2 (ARMV4I).Deploy.0 = Release|YC210SDK (ARMV4I)
		{600B4633-1E86-44D1-8875-8993B9F5A711}.Release|STANDARDSDK_500 (ARMV4I).ActiveCfg = Release|YC210SDK (ARMV4I)
		{600B4633-1E86-44D1-8875-8993B9F5A711}.Release|STANDARDSDK_500 (MIPSII).ActiveCfg = Release|YC210SDK (ARMV4I)
		{600B4633-1E86-44D1-8875-8993B9F5A711}.Release|STANDARDSDK_500 (MIPSII_FP).ActiveCfg = Release|YC210SDK (ARMV4I)
		{600B4633-1E86-44D1-8875-8993B9F5A711}.Release|STANDARDSDK_500 (MIPSIV).ActiveCfg = Release|YC210SDK (ARMV4I)
		{600B4633-1E86-44D1-8875-8993B9F5A711}.Release|STANDARDSDK_500 (MIPSIV_FP).ActiveCfg = Release|YC210SDK (ARMV4I)
		{600B4633-1E86-44D1-8875-8993B9F5A711}.Release|STANDARDSDK_500 (SH4).ActiveCfg = Release|YC210SDK (ARMV4I)
		{600B4633-1E86-44D1-8875-8993B9F5A711}.Release|STANDARDSDK_500 (x86).ActiveCfg = Release|YC210SDK (ARMV4I)
		{600B4633-1E86-44D1-8875-8993B9F5A711}.Release|TCC892x_W7_SDK (ARMv4I).ActiveCfg = Release|YC210SDK (ARMV4I)
		{600B4633-1E86-44D1-8875-8993B9F5A711}.Release|tele_SDK1 (ARMV4I).ActiveCfg = Release|YC210SDK (ARMV4I)
		{600B4633-1E86-44D1-8875-8993B9F5A711}.Release|Windows Mobile 6 Professional SDK (ARMV4I).ActiveCfg = Release|YC210SDK (ARMV4I)
		{600B4633-1E86-44D1-8875-8993B9F5A711}.Release|YC210SDK (ARMV4I).ActiveCfg = Release|YC210SDK (ARMV4I)
		{600B4633-1E86-44D1-8875-8993B9F5A711}.Release|YC210SDK (ARMV4I).Build.0 = Release|YC210SDK (ARMV4I)
		{600B4633-1E86-44D1-8875-8993B9F5A711}.Release|YC210SDK (ARMV4I).Deploy.0 = Release|YC210SDK (ARMV4I)
		{0E94D791-4237-4223-BDF0-99F0CA74C9FB}.Debug|Mixed Platforms.ActiveCfg = Debug|YC210SDK (ARMV4I)
		{0E94D791-4237-4223-BDF0-99F0CA74C9FB}.Debug|Mixed Platforms.Build.0 = Debug|YC210SDK (ARMV4I)
		{0E94D791-4237-4223-BDF0-99F0CA74C9FB}.Debug|Mixed Platforms.Deploy.0 = Debug|YC210SDK (ARMV4I)
		{0E94D791-4237-4223-BDF0-99F0CA74C9FB}.Debug|Pocket PC 2003 (ARMV4).ActiveCfg = Debug|YC210SDK (ARMV4I)
		{0E94D791-4237-4223-BDF0-99F0CA74C9FB}.Debug|Pocket PC 2003 (ARMV4).Build.0 = Debug|YC210SDK (ARMV4I)
		{0E94D791-4237-4223-BDF0-99F0CA74C9FB}.Debug|Pocket PC 2003 (ARMV4).Deploy.0 = Debug|YC210SDK (ARMV4I)
		{0E94D791-4237-4223-BDF0-99F0CA74C9FB}.Debug|SDK2 (ARMV4I).ActiveCfg = Debug|YC210SDK (ARMV4I)
		{0E94D791-4237-4223-BDF0-99F0CA74C9FB}.Debug|SDK2 (ARMV4I).Build.0 = Debug|YC210SDK (ARMV4I)
		{0E94D791-4237-4223-BDF0-99F0CA74C9FB}.Debug|SDK2 (ARMV4I).Deploy.0 = Debug|YC210SDK (ARMV4I)
		{0E94D791-4237-4223-BDF0-99F0CA74C9FB}.Debug|STANDARDSDK_500 (ARMV4I).ActiveCfg = Debug|YC210SDK (ARMV4I)
		{0E94D791-4237-4223-BDF0-99F0CA74C9FB}.Debug|STANDARDSDK_500 (MIPSII).ActiveCfg = Debug|YC210SDK (ARMV4I)
		{0E94D791-4237-4223-BDF0-99F0CA74C9FB}.Debug|STANDARDSDK_500 (MIPSII_FP).ActiveCfg = Debug|YC210SDK (ARMV4I)
		{0E94D791-4237-4223-BDF0-99F0CA74C9FB}.Debug|STANDARDSDK_500 (MIPSIV).ActiveCfg = Debug|YC210SDK (ARMV4I)
		{0E94D791-4237-4223-BDF0-99F0CA74C9FB}.Debug|STANDARDSDK_500 (MIPSIV_FP).ActiveCfg = Debug|YC210SDK (ARMV4I)
		{0E94D791-4237-4223-BDF0-99F0CA74C9FB}.Debug|STANDARDSDK_500 (SH4).ActiveCfg = Debug|YC210SDK (ARMV4I)
		{0E94D791-4237-4223-BDF0-99F0CA74C9FB}.Debug|STANDARDSDK_500 (x86).ActiveCfg = Debug|YC210SDK (ARMV4I)
		{0E94D791-4237-4223-BDF0-99F0CA74C9FB}.Debug|TCC892x_W7_SDK (ARMv4I).ActiveCfg = Debug|YC210SDK (ARMV4I)
		{0E94D791-4237-4223-BDF0-99F0CA74C9FB}.Debug|tele_SDK1 (ARMV4I).ActiveCfg = Debug|YC210SDK (ARMV4I)
		{0E94D791-4237-4223-BDF0-99F0CA74C9FB}.Debug|Windows Mobile 6 Professional SDK (ARMV4I).ActiveCfg = Debug|YC210SDK (ARMV4I)
		{0E94D791-4237-4223-BDF0-99F0CA74C9FB}.Debug|YC210SDK (ARMV4I).ActiveCfg = Debug|YC210SDK (ARMV4I)
		{0E94D791-4237-4223-BDF0-99F0CA74C9FB}.Debug|YC210SDK (ARMV4I).Build.0 = Debug|YC210SDK (ARMV4I)
		{0E94D791-4237-4223-BDF0-99F0CA74C9FB}.Debug|YC210SDK (ARMV4I).Deploy.0 = Debug|YC210SDK (ARMV4I)
		{0E94D791-4237-4223-BDF0-99F0CA74C9FB}.Release|Mixed Platforms.ActiveCfg = Release|YC210SDK (ARMV4I)
		{0E94D791-4237-4223-BDF0-99F0CA74C9FB}.Release|Mixed Platforms.Build.0 = Release|YC210SDK (ARMV4I)
		{0E94D791-4237-4223-BDF0-99F0CA74C9FB}.Release|Mixed Platforms.Deploy.0 = Release|YC210SDK (ARMV4I)
		{0E94D791-4237-4223-BDF0-99F0CA74C9FB}.Release|Pocket PC 2003 (ARMV4).ActiveCfg = Release|YC210SDK (ARMV4I)
		{0E94D791-4237-4223-BDF0-99F0CA74C9FB}.Release|Pocket PC 2003 (ARMV4).Build.0 = Release|YC210SDK (ARMV4I)
		{0E94D791-4237-4223-BDF0-99F0CA74C9FB}.Release|Pocket PC 2003 (ARMV4).Deploy.0 = Release|YC210SDK (ARMV4I)
		{0E94D791-4237-4223-BDF0-99F0CA74C9FB}.Release|SDK2 (ARMV4I).ActiveCfg = Release|YC210SDK (ARMV4I)
		{0E94D791-4237-4223-BDF0-99F0CA74C9FB}.Release|SDK2 (ARMV4I).Build.0 = Release|YC210SDK (ARMV4I)
		{0E94D791-4237-4223-BDF0-99F0CA74C9FB}.Release|SDK2 (ARMV4I).Deploy.0 = Release|YC210SDK (ARMV4I)
		{0E94D791-4237-4223-BDF0-99F0CA74C9FB}.Release|STANDARDSDK_500 (ARMV4I).ActiveCfg = Release|YC210SDK (ARMV4I)
		{0E94D791-4237-4223-BDF0-99F0CA74C9FB}.Release|STANDARDSDK_500 (MIPSII).ActiveCfg = Release|YC210SDK (ARMV4I)
		{0E94D791-4237-4223-BDF0-99F0CA74C9FB}.Release|STANDARDSDK_500 (MIPSII_FP).ActiveCfg = Release|YC210SDK (ARMV4I)
		{0E94D791-4237-4223-BDF0-99F0CA74C9FB}.Release|STANDARDSDK_500 (MIPSIV).ActiveCfg = Release|YC210SDK (ARMV4I)
		{0E94D791-4237-4223-BDF0-99F0CA74C9FB}.Release|STANDARDSDK_500 (MIPSIV_FP).ActiveCfg = Release|YC210SDK (ARMV4I)
		{0E94D791-4237-4223-BDF0-99F0CA74C9FB}.Release|STANDARDSDK_500 (SH4).ActiveCfg = Release|YC210SDK (ARMV4I)
		{0E94D791-4237-4223-BDF0-99F0CA74C9FB}.Release|STANDARDSDK_500 (x86).ActiveCfg = Release|YC210SDK (ARMV4I)
		{0E94D791-4237-4223-BDF0-99F0CA74C9FB}.Release|TCC892x_W7_SDK (ARMv4I).ActiveCfg = Release|YC210SDK (ARMV4I)
		{0E94D791-4237-4223-BDF0-99F0CA74C9FB}.Release|tele_SDK1 (ARMV4I).ActiveCfg = Release|YC210SDK (ARMV4I)
		{0E94D791-4237-4223-BDF0-99F0CA74C9FB}.Release|Windows Mobile 6 Professional SDK (ARMV4I).ActiveCfg = Release|YC210SDK (ARMV4I)
		{0E94D791-4237-4223-BDF0-99F0CA74C9FB}.Release|YC210SDK (ARMV4I).ActiveCfg = Release|YC210SDK (ARMV4I)
		{0E94D791-4237-4223-BDF0-99F0CA74C9FB}.Release|YC210SDK (ARMV4I).Build.0 = Release|YC210SDK (ARMV4I)
		{0E94D791-4237-4223-BDF0-99F0CA74C9FB}.Release|YC210SDK (ARMV4I).Deploy.0 = Release|YC210SDK (ARMV4I)
		{7D36ED16-0A4B-4C7B-893C-26CB2D5E3DC4}.Debug|Mixed Platforms.ActiveCfg = Debug|YC210SDK (ARMV4I)
		{7D36ED16-0A4B-4C7B-893C-26CB2D5E3DC4}.Debug|Mixed Platforms.Build.0 = Debug|YC210SDK (ARMV4I)
		{7D36ED16-0A4B-4C7B-893C-26CB2D5E3DC4}.Debug|Mixed Platforms.Deploy.0 = Debug|YC210SDK (ARMV4I)
		{7D36ED16-0A4B-4C7B-893C-26CB2D5E3DC4}.Debug|Pocket PC 2003 (ARMV4).ActiveCfg = Debug|YC210SDK (ARMV4I)
		{7D36ED16-0A4B-4C7B-893C-26CB2D5E3DC4}.Debug|Pocket PC 2003 (ARMV4).Build.0 = Debug|YC210SDK (ARMV4I)
		{7D36ED16-0A4B-4C7B-893C-26CB2D5E3DC4}.Debug|Pocket PC 2003 (ARMV4).Deploy.0 = Debug|YC210SDK (ARMV4I)
		{7D36ED16-0A4B-4C7B-893C-26CB2D5E3DC4}.Debug|SDK2 (ARMV4I).ActiveCfg = Debug|YC210SDK (ARMV4I)
		{7D36ED16-0A4B-4C7B-893C-26CB2D5E3DC4}.Debug|SDK2 (ARMV4I).Build.0 = Debug|YC210SDK (ARMV4I)
		{7D36ED16-0A4B-4C7B-893C-26CB2D5E3DC4}.Debug|SDK2 (ARMV4I).Deploy.0 = Debug|YC210SDK (ARMV4I)
		{7D36ED16-0A4B-4C7B-893C-26CB2D5E3DC4}.Debug|STANDARDSDK_500 (ARMV4I).ActiveCfg = Debug|YC210SDK (ARMV4I)
		{7D36ED16-0A4B-4C7B-893C-26CB2D5E3DC4}.Debug|STANDARDSDK_500 (MIPSII).ActiveCfg = Debug|YC210SDK (ARMV4I)
		{7D36ED16-0A4B-4C7B-893C-26CB2D5E3DC4}.Debug|STANDARDSDK_500 (MIPSII_FP).ActiveCfg = Debug|YC210SDK (ARMV4I)
		{7D36ED16-0A4B-4C7B-893C-26CB2D5E3DC4}.Debug|STANDARDSDK_500 (MIPSIV).ActiveCfg = Debug|YC210SDK (ARMV4I)
		{7D36ED16-0A4B-4C7B-893C-26CB2D5E3DC4}.Debug|STANDARDSDK_500 (MIPSIV_FP).ActiveCfg = Debug|YC210SDK (ARMV4I)
		{7D36ED16-0A4B-4C7B-893C-26CB2D5E3DC4}.Debug|STANDARDSDK_500 (SH4).ActiveCfg = Debug|YC210SDK (ARMV4I)
		{7D36ED16-0A4B-4C7B-893C-26CB2D5E3DC4}.Debug|STANDARDSDK_500 (x86).ActiveCfg = Debug|YC210SDK (ARMV4I)
		{7D36ED16-0A4B-4C7B-893C-26CB2D5E3DC4}.Debug|TCC892x_W7_SDK (ARMv4I).ActiveCfg = Debug|YC210SDK (ARMV4I)
		{7D36ED16-0A4B-4C7B-893C-26CB2D5E3DC4}.Debug|tele_SDK1 (ARMV4I).ActiveCfg = Debug|YC210SDK (ARMV4I)
		{7D36ED16-0A4B-4C7B-893C-26CB2D5E3DC4}.Debug|Windows Mobile 6 Professional SDK (ARMV4I).ActiveCfg = Debug|YC210SDK (ARMV4I)
		{7D36ED16-0A4B-4C7B-893C-26CB2D5E3DC4}.Debug|YC210SDK (ARMV4I).ActiveCfg = Debug|YC210SDK (ARMV4I)
		{7D36ED16-0A4B-4C7B-893C-26CB2D5E3DC4}.Debug|YC210SDK (ARMV4I).Build.0 = Debug|YC210SDK (ARMV4I)
		{7D36ED16-0A4B-4C7B-893C-26CB2D5E3DC4}.Debug|YC210SDK (ARMV4I).Deploy.0 = Debug|YC210SDK (ARMV4I)
		{7D36ED16-0A4B-4C7B-893C-26CB2D5E3DC4}.Release|Mixed Platforms.ActiveCfg = Release|YC210SDK (ARMV4I)
		{7D36ED16-0A4B-4C7B-893C-26CB2D5E3DC4}.Release|Mixed Platforms.Build.0 = Release|YC210SDK (ARMV4I)
		{7D36ED16-0A4B-4C7B-893C-26CB2D5E3DC4}.Release|Mixed Platforms.Deploy.0 = Release|YC210SDK (ARMV4I)
		{7D36ED16-0A4B-4C7B-893C-26CB2D5E3DC4}.Release|Pocket PC 2003 (ARMV4).ActiveCfg = Release|YC210SDK (ARMV4I)
		{7D36ED16-0A4B-4C7B-893C-26CB2D5E3DC4}.Release|Pocket PC 2003 (ARMV4).Build.0 = Release|YC210SDK (ARMV4I)
		{7D36ED16-0A4B-4C7B-893C-26CB2D5E3DC4}.Release|Pocket PC 2003 (ARMV4).Deploy.0 = Release|YC210SDK (ARMV4I)
		{7D36ED16-0A4B-4C7B-893C-26CB2D5E3DC4}.Release|SDK2 (ARMV4I).ActiveCfg = Release|YC210SDK (ARMV4I)
		{7D36ED16-0A4B-4C7B-893C-26CB2D5E3DC4}.Release|SDK2 (ARMV4I).Build.0 = Release|YC210SDK (ARMV4I)
		{7D36ED16-0A4B-4C7B-893C-26CB2D5E3DC4}.Release|SDK2 (ARMV4I).Deploy.0 = Release|YC210SDK (ARMV4I)
		{7D36ED16-0A4B-4C7B-893C-26CB2D5E3DC4}.Release|STANDARDSDK_500 (ARMV4I).ActiveCfg = Release|YC210SDK (ARMV4I)
		{7D36ED16-0A4B-4C7B-893C-26CB2D5E3DC4}.Release|STANDARDSDK_500 (MIPSII).ActiveCfg = Release|YC210SDK (ARMV4I)
		{7D36ED16-0A4B-4C7B-893C-26CB2D5E3DC4}.Release|STANDARDSDK_500 (MIPSII_FP).ActiveCfg = Release|YC210SDK (ARMV4I)
		{7D36ED16-0A4B-4C7B-893C-26CB2D5E3DC4}.Release|STANDARDSDK_500 (MIPSIV).ActiveCfg = Release|YC210SDK (ARMV4I)
		{7D36ED16-0A4B-4C7B-893C-26CB2D5E3DC4}.Release|STANDARDSDK_500 (MIPSIV_FP).ActiveCfg = Release|YC210SDK (ARMV4I)
		{7D36ED16-0A4B-4C7B-893C-26CB2D5E3DC4}.Release|STANDARDSDK_500 (SH4).ActiveCfg = Release|YC210SDK (ARMV4I)
		{7D36ED16-0A4B-4C7B-893C-26CB2D5E3DC4}.Release|STANDARDSDK_500 (x86).ActiveCfg = Release|YC210SDK (ARMV4I)
		{7D36ED16-0A4B-4C7B-893C-26CB2D5E3DC4}.Release|TCC892x_W7_SDK (ARMv4I).ActiveCfg = Release|YC210SDK (ARMV4I)
		{7D36ED16-0A4B-4C7B-893C-26CB2D5E3DC4}.Release|tele_SDK1 (ARMV4I).ActiveCfg = Release|YC210SDK (ARMV4I)
		{7D36ED16-0A4B-4C7B-893C-26CB2D5E3DC4}.Release|Windows Mobile 6 Professional SDK (ARMV4I).ActiveCfg = Release|YC210SDK (ARMV4I)
		{7D36ED16-0A4B-4C7B-893C-26CB2D5E3DC4}.Release|YC210SDK (ARMV4I).ActiveCfg = Release|YC210SDK (ARMV4I)
		{7D36ED16-0A4B-4C7B-893C-26CB2D5E3DC4}.Release|YC210SDK (ARMV4I).Build.0 = Release|YC210SDK (ARMV4I)
		{7D36ED16-0A4B-4C7B-893C-26CB2D5E3DC4}.Release|YC210SDK (ARMV4I).Deploy.0 = Release|YC210SDK (ARMV4I)
		{043F6D29-FB3C-4390-B3E9-59560B5DFD68}.Debug|Mixed Platforms.ActiveCfg = Debug|YC210SDK (ARMV4I)
		{043F6D29-FB3C-4390-B3E9-59560B5DFD68}.Debug|Mixed Platforms.Build.0 = Debug|YC210SDK (ARMV4I)
		{043F6D29-FB3C-4390-B3E9-59560B5DFD68}.Debug|Mixed Platforms.Deploy.0 = Debug|YC210SDK (ARMV4I)
		{043F6D29-FB3C-4390-B3E9-59560B5DFD68}.Debug|Pocket PC 2003 (ARMV4).ActiveCfg = Debug|YC210SDK (ARMV4I)
		{043F6D29-FB3C-4390-B3E9-59560B5DFD68}.Debug|Pocket PC 2003 (ARMV4).Build.0 = Debug|YC210SDK (ARMV4I)
		{043F6D29-FB3C-4390-B3E9-59560B5DFD68}.Debug|Pocket PC 2003 (ARMV4).Deploy.0 = Debug|YC210SDK (ARMV4I)
		{043F6D29-FB3C-4390-B3E9-59560B5DFD68}.Debug|SDK2 (ARMV4I).ActiveCfg = Debug|YC210SDK (ARMV4I)
		{043F6D29-FB3C-4390-B3E9-59560B5DFD68}.Debug|SDK2 (ARMV4I).Build.0 = Debug|YC210SDK (ARMV4I)
		{043F6D29-FB3C-4390-B3E9-59560B5DFD68}.Debug|SDK2 (ARMV4I).Deploy.0 = Debug|YC210SDK (ARMV4I)
		{043F6D29-FB3C-4390-B3E9-59560B5DFD68}.Debug|STANDARDSDK_500 (ARMV4I).ActiveCfg = Debug|YC210SDK (ARMV4I)
		{043F6D29-FB3C-4390-B3E9-59560B5DFD68}.Debug|STANDARDSDK_500 (MIPSII).ActiveCfg = Debug|YC210SDK (ARMV4I)
		{043F6D29-FB3C-4390-B3E9-59560B5DFD68}.Debug|STANDARDSDK_500 (MIPSII_FP).ActiveCfg = Debug|YC210SDK (ARMV4I)
		{043F6D29-FB3C-4390-B3E9-59560B5DFD68}.Debug|STANDARDSDK_500 (MIPSIV).ActiveCfg = Debug|YC210SDK (ARMV4I)
		{043F6D29-FB3C-4390-B3E9-59560B5DFD68}.Debug|STANDARDSDK_500 (MIPSIV_FP).ActiveCfg = Debug|YC210SDK (ARMV4I)
		{043F6D29-FB3C-4390-B3E9-59560B5DFD68}.Debug|STANDARDSDK_500 (SH4).ActiveCfg = Debug|YC210SDK (ARMV4I)
		{043F6D29-FB3C-4390-B3E9-59560B5DFD68}.Debug|STANDARDSDK_500 (x86).ActiveCfg = Debug|YC210SDK (ARMV4I)
		{043F6D29-FB3C-4390-B3E9-59560B5DFD68}.Debug|TCC892x_W7_SDK (ARMv4I).ActiveCfg = Debug|YC210SDK (ARMV4I)
		{043F6D29-FB3C-4390-B3E9-59560B5DFD68}.Debug|tele_SDK1 (ARMV4I).ActiveCfg = Debug|YC210SDK (ARMV4I)
		{043F6D29-FB3C-4390-B3E9-59560B5DFD68}.Debug|Windows Mobile 6 Professional SDK (ARMV4I).ActiveCfg = Debug|YC210SDK (ARMV4I)
		{043F6D29-FB3C-4390-B3E9-59560B5DFD68}.Debug|YC210SDK (ARMV4I).ActiveCfg = Debug|YC210SDK (ARMV4I)
		{043F6D29-FB3C-4390-B3E9-59560B5DFD68}.Debug|YC210SDK (ARMV4I).Build.0 = Debug|YC210SDK (ARMV4I)
		{043F6D29-FB3C-4390-B3E9-59560B5DFD68}.Debug|YC210SDK (ARMV4I).Deploy.0 = Debug|YC210SDK (ARMV4I)
		{043F6D29-FB3C-4390-B3E9-59560B5DFD68}.Release|Mixed Platforms.ActiveCfg = Release|YC210SDK (ARMV4I)
		{043F6D29-FB3C-4390-B3E9-59560B5DFD68}.Release|Mixed Platforms.Build.0 = Release|YC210SDK (ARMV4I)
		{043F6D29-FB3C-4390-B3E9-59560B5DFD68}.Release|Mixed Platforms.Deploy.0 = Release|YC210SDK (ARMV4I)
		{043F6D29-FB3C-4390-B3E9-59560B5DFD68}.Release|Pocket PC 2003 (ARMV4).ActiveCfg = Release|YC210SDK (ARMV4I)
		{043F6D29-FB3C-4390-B3E9-59560B5DFD68}.Release|Pocket PC 2003 (ARMV4).Build.0 = Release|YC210SDK (ARMV4I)
		{043F6D29-FB3C-4390-B3E9-59560B5DFD68}.Release|Pocket PC 2003 (ARMV4).Deploy.0 = Release|YC210SDK (ARMV4I)
		{043F6D29-FB3C-4390-B3E9-59560B5DFD68}.Release|SDK2 (ARMV4I).ActiveCfg = Release|YC210SDK (ARMV4I)
		{043F6D29-FB3C-4390-B3E9-59560B5DFD68}.Release|SDK2 (ARMV4I).Build.0 = Release|YC210SDK (ARMV4I)
		{043F6D29-FB3C-4390-B3E9-59560B5DFD68}.Release|SDK2 (ARMV4I).Deploy.0 = Release|YC210SDK (ARMV4I)
		{043F6D29-FB3C-4390-B3E9-59560B5DFD68}.Release|STANDARDSDK_500 (ARMV4I).ActiveCfg = Release|YC210SDK (ARMV4I)
		{043F6D29-FB3C-4390-B3E9-59560B5DFD68}.Release|STANDARDSDK_500 (MIPSII).ActiveCfg = Release|YC210SDK (ARMV4I)
		{043F6D29-FB3C-4390-B3E9-59560B5DFD68}.Release|STANDARDSDK_500 (MIPSII_FP).ActiveCfg = Release|YC210SDK (ARMV4I)
		{043F6D29-FB3C-4390-B3E9-59560B5DFD68}.Release|STANDARDSDK_500 (MIPSIV).ActiveCfg = Release|YC210SDK (ARMV4I)
		{043F6D29-FB3C-4390-B3E9-59560B5DFD68}.Release|STANDARDSDK_500 (MIPSIV_FP).ActiveCfg = Release|YC210SDK (ARMV4I)
		{043F6D29-FB3C-4390-B3E9-59560B5DFD68}.Release|STANDARDSDK_500 (SH4).ActiveCfg = Release|YC210SDK (ARMV4I)
		{043F6D29-FB3C-4390-B3E9-59560B5DFD68}.Release|STANDARDSDK_500 (x86).ActiveCfg = Release|YC210SDK (ARMV4I)
		{043F6D29-FB3C-4390-B3E9-59560B5DFD68}.Release|TCC892x_W7_SDK (ARMv4I).ActiveCfg = Release|YC210SDK (ARMV4I)
		{043F6D29-FB3C-4390-B3E9-59560B5DFD68}.Release|tele_SDK1 (ARMV4I).ActiveCfg = Release|YC210SDK (ARMV4I)
		{043F6D29-FB3C-4390-B3E9-59560B5DFD68}.Release|Windows Mobile 6 Professional SDK (ARMV4I).ActiveCfg = Release|YC210SDK (ARMV4I)
		{043F6D29-FB3C-4390-B3E9-59560B5DFD68}.Release|YC210SDK (ARMV4I).ActiveCfg = Release|YC210SDK (ARMV4I)
		{043F6D29-FB3C-4390-B3E9-59560B5DFD68}.Release|YC210SDK (ARMV4I).Build.0 = Release|YC210SDK (ARMV4I)
		{043F6D29-FB3C-4390-B3E9-59560B5DFD68}.Release|YC210SDK (ARMV4I).Deploy.0 = Release|YC210SDK (ARMV4I)
		{B14C09B2-9E5B-4DB5-BCC0-80EEAE4413B2}.Debug|Mixed Platforms.ActiveCfg = Debug|YC210SDK (ARMV4I)
		{B14C09B2-9E5B-4DB5-BCC0-80EEAE4413B2}.Debug|Mixed Platforms.Build.0 = Debug|YC210SDK (ARMV4I)
		{B14C09B2-9E5B-4DB5-BCC0-80EEAE4413B2}.Debug|Mixed Platforms.Deploy.0 = Debug|YC210SDK (ARMV4I)
		{B14C09B2-9E5B-4DB5-BCC0-80EEAE4413B2}.Debug|Pocket PC 2003 (ARMV4).ActiveCfg = Debug|YC210SDK (ARMV4I)
		{B14C09B2-9E5B-4DB5-BCC0-80EEAE4413B2}.Debug|Pocket PC 2003 (ARMV4).Build.0 = Debug|YC210SDK (ARMV4I)
		{B14C09B2-9E5B-4DB5-BCC0-80EEAE4413B2}.Debug|Pocket PC 2003 (ARMV4).Deploy.0 = Debug|YC210SDK (ARMV4I)
		{B14C09B2-9E5B-4DB5-BCC0-80EEAE4413B2}.Debug|SDK2 (ARMV4I).ActiveCfg = Debug|YC210SDK (ARMV4I)
		{B14C09B2-9E5B-4DB5-BCC0-80EEAE4413B2}.Debug|SDK2 (ARMV4I).Build.0 = Debug|YC210SDK (ARMV4I)
		{B14C09B2-9E5B-4DB5-BCC0-80EEAE4413B2}.Debug|SDK2 (ARMV4I).Deploy.0 = Debug|YC210SDK (ARMV4I)
		{B14C09B2-9E5B-4DB5-BCC0-80EEAE4413B2}.Debug|STANDARDSDK_500 (ARMV4I).ActiveCfg = Debug|YC210SDK (ARMV4I)
		{B14C09B2-9E5B-4DB5-BCC0-80EEAE4413B2}.Debug|STANDARDSDK_500 (MIPSII).ActiveCfg = Debug|YC210SDK (ARMV4I)
		{B14C09B2-9E5B-4DB5-BCC0-80EEAE4413B2}.Debug|STANDARDSDK_500 (MIPSII_FP).ActiveCfg = Debug|YC210SDK (ARMV4I)
		{B14C09B2-9E5B-4DB5-BCC0-80EEAE4413B2}.Debug|STANDARDSDK_500 (MIPSIV).ActiveCfg = Debug|YC210SDK (ARMV4I)
		{B14C09B2-9E5B-4DB5-BCC0-80EEAE4413B2}.Debug|STANDARDSDK_500 (MIPSIV_FP).ActiveCfg = Debug|YC210SDK (ARMV4I)
		{B14C09B2-9E5B-4DB5-BCC0-80EEAE4413B2}.Debug|STANDARDSDK_500 (SH4).ActiveCfg = Debug|YC210SDK (ARMV4I)
		{B14C09B2-9E5B-4DB5-BCC0-80EEAE4413B2}.Debug|STANDARDSDK_500 (x86).ActiveCfg = Debug|YC210SDK (ARMV4I)
		{B14C09B2-9E5B-4DB5-BCC0-80EEAE4413B2}.Debug|TCC892x_W7_SDK (ARMv4I).ActiveCfg = Debug|YC210SDK (ARMV4I)
		{B14C09B2-9E5B-4DB5-BCC0-80EEAE4413B2}.Debug|tele_SDK1 (ARMV4I).ActiveCfg = Debug|YC210SDK (ARMV4I)
		{B14C09B2-9E5B-4DB5-BCC0-80EEAE4413B2}.Debug|Windows Mobile 6 Professional SDK (ARMV4I).ActiveCfg = Debug|YC210SDK (ARMV4I)
		{B14C09B2-9E5B-4DB5-BCC0-80EEAE4413B2}.Debug|YC210SDK (ARMV4I).ActiveCfg = Debug|YC210SDK (ARMV4I)
		{B14C09B2-9E5B-4DB5-BCC0-80EEAE4413B2}.Debug|YC210SDK (ARMV4I).Build.0 = Debug|YC210SDK (ARMV4I)
		{B14C09B2-9E5B-4DB5-BCC0-80EEAE4413B2}.Debug|YC210SDK (ARMV4I).Deploy.0 = Debug|YC210SDK (ARMV4I)
		{B14C09B2-9E5B-4DB5-BCC0-80EEAE4413B2}.Release|Mixed Platforms.ActiveCfg = Release|YC210SDK (ARMV4I)
		{B14C09B2-9E5B-4DB5-BCC0-80EEAE4413B2}.Release|Mixed Platforms.Build.0 = Release|YC210SDK (ARMV4I)
		{B14C09B2-9E5B-4DB5-BCC0-80EEAE4413B2}.Release|Mixed Platforms.Deploy.0 = Release|YC210SDK (ARMV4I)
		{B14C09B2-9E5B-4DB5-BCC0-80EEAE4413B2}.Release|Pocket PC 2003 (ARMV4).ActiveCfg = Release|YC210SDK (ARMV4I)
		{B14C09B2-9E5B-4DB5-BCC0-80EEAE4413B2}.Release|Pocket PC 2003 (ARMV4).Build.0 = Release|YC210SDK (ARMV4I)
		{B14C09B2-9E5B-4DB5-BCC0-80EEAE4413B2}.Release|Pocket PC 2003 (ARMV4).Deploy.0 = Release|YC210SDK (ARMV4I)
		{B14C09B2-9E5B-4DB5-BCC0-80EEAE4413B2}.Release|SDK2 (ARMV4I).ActiveCfg = Release|YC210SDK (ARMV4I)
		{B14C09B2-9E5B-4DB5-BCC0-80EEAE4413B2}.Release|SDK2 (ARMV4I).Build.0 = Release|YC210SDK (ARMV4I)
		{B14C09B2-9E5B-4DB5-BCC0-80EEAE4413B2}.Release|SDK2 (ARMV4I).Deploy.0 = Release|YC210SDK (ARMV4I)
		{B14C09B2-9E5B-4DB5-BCC0-80EEAE4413B2}.Release|STANDARDSDK_500 (ARMV4I).ActiveCfg = Release|YC210SDK (ARMV4I)
		{B14C09B2-9E5B-4DB5-BCC0-80EEAE4413B2}.Release|STANDARDSDK_500 (MIPSII).ActiveCfg = Release|YC210SDK (ARMV4I)
		{B14C09B2-9E5B-4DB5-BCC0-80EEAE4413B2}.Release|STANDARDSDK_500 (MIPSII_FP).ActiveCfg = Release|YC210SDK (ARMV4I)
		{B14C09B2-9E5B-4DB5-BCC0-80EEAE4413B2}.Release|STANDARDSDK_500 (MIPSIV).ActiveCfg = Release|YC210SDK (ARMV4I)
		{B14C09B2-9E5B-4DB5-BCC0-80EEAE4413B2}.Release|STANDARDSDK_500 (MIPSIV_FP).ActiveCfg = Release|YC210SDK (ARMV4I)
		{B14C09B2-9E5B-4DB5-BCC0-80EEAE4413B2}.Release|STANDARDSDK_500 (SH4).ActiveCfg = Release|YC210SDK (ARMV4I)
		{B14C09B2-9E5B-4DB5-BCC0-80EEAE4413B2}.Release|STANDARDSDK_500 (x86).ActiveCfg = Release|YC210SDK (ARMV4I)
		{B14C09B2-9E5B-4DB5-BCC0-80EEAE4413B2}.Release|TCC892x_W7_SDK (ARMv4I).ActiveCfg = Release|YC210SDK (ARMV4I)
		{B14C09B2-9E5B-4DB5-BCC0-80EEAE4413B2}.Release|tele_SDK1 (ARMV4I).ActiveCfg = Release|YC210SDK (ARMV4I)
		{B14C09B2-9E5B-4DB5-BCC0-80EEAE4413B2}.Release|Windows Mobile 6 Professional SDK (ARMV4I).ActiveCfg = Release|YC210SDK (ARMV4I)
		{B14C09B2-9E5B-4DB5-BCC0-80EEAE4413B2}.Release|YC210SDK (ARMV4I).ActiveCfg = Release|YC210SDK (ARMV4I)
		{B14C09B2-9E5B-4DB5-BCC0-80EEAE4413B2}.Release|YC210SDK (ARMV4I).Build.0 = Release|YC210SDK (ARMV4I)
		{B14C09B2-9E5B-4DB5-BCC0-80EEAE4413B2}.Release|YC210SDK (ARMV4I).Deploy.0 = Release|YC210SDK (ARMV4I)
		{32EC468E-066D-4F5F-A733-C430304668C2}.Debug|Mixed Platforms.ActiveCfg = Debug|YC210SDK (ARMV4I)
		{32EC468E-066D-4F5F-A733-C430304668C2}.Debug|Mixed Platforms.Build.0 = Debug|YC210SDK (ARMV4I)
		{32EC468E-066D-4F5F-A733-C430304668C2}.Debug|Mixed Platforms.Deploy.0 = Debug|YC210SDK (ARMV4I)
		{32EC468E-066D-4F5F-A733-C430304668C2}.Debug|Pocket PC 2003 (ARMV4).ActiveCfg = Debug|YC210SDK (ARMV4I)
		{32EC468E-066D-4F5F-A733-C430304668C2}.Debug|Pocket PC 2003 (ARMV4).Build.0 = Debug|YC210SDK (ARMV4I)
		{32EC468E-066D-4F5F-A733-C430304668C2}.Debug|Pocket PC 2003 (ARMV4).Deploy.0 = Debug|YC210SDK (ARMV4I)
		{32EC468E-066D-4F5F-A733-C430304668C2}.Debug|SDK2 (ARMV4I).ActiveCfg = Debug|YC210SDK (ARMV4I)
		{32EC468E-066D-4F5F-A733-C430304668C2}.Debug|SDK2 (ARMV4I).Build.0 = Debug|YC210SDK (ARMV4I)
		{32EC468E-066D-4F5F-A733-C430304668C2}.Debug|SDK2 (ARMV4I).Deploy.0 = Debug|YC210SDK (ARMV4I)
		{32EC468E-066D-4F5F-A733-C430304668C2}.Debug|STANDARDSDK_500 (ARMV4I).ActiveCfg = Debug|YC210SDK (ARMV4I)
		{32EC468E-066D-4F5F-A733-C430304668C2}.Debug|STANDARDSDK_500 (MIPSII).ActiveCfg = Debug|YC210SDK (ARMV4I)
		{32EC468E-066D-4F5F-A733-C430304668C2}.Debug|STANDARDSDK_500 (MIPSII_FP).ActiveCfg = Debug|YC210SDK (ARMV4I)
		{32EC468E-066D-4F5F-A733-C430304668C2}.Debug|STANDARDSDK_500 (MIPSIV).ActiveCfg = Debug|YC210SDK (ARMV4I)
		{32EC468E-066D-4F5F-A733-C430304668C2}.Debug|STANDARDSDK_500 (MIPSIV_FP).ActiveCfg = Debug|YC210SDK (ARMV4I)
		{32EC468E-066D-4F5F-A733-C430304668C2}.Debug|STANDARDSDK_500 (SH4).ActiveCfg = Debug|YC210SDK (ARMV4I)
		{32EC468E-066D-4F5F-A733-C430304668C2}.Debug|STANDARDSDK_500 (x86).ActiveCfg = Debug|YC210SDK (ARMV4I)
		{32EC468E-066D-4F5F-A733-C430304668C2}.Debug|TCC892x_W7_SDK (ARMv4I).ActiveCfg = Debug|YC210SDK (ARMV4I)
		{32EC468E-066D-4F5F-A733-C430304668C2}.Debug|tele_SDK1 (ARMV4I).ActiveCfg = Debug|YC210SDK (ARMV4I)
		{32EC468E-066D-4F5F-A733-C430304668C2}.Debug|Windows Mobile 6 Professional SDK (ARMV4I).ActiveCfg = Debug|YC210SDK (ARMV4I)
		{32EC468E-066D-4F5F-A733-C430304668C2}.Debug|YC210SDK (ARMV4I).ActiveCfg = Debug|YC210SDK (ARMV4I)
		{32EC468E-066D-4F5F-A733-C430304668C2}.Debug|YC210SDK (ARMV4I).Build.0 = Debug|YC210SDK (ARMV4I)
		{32EC468E-066D-4F5F-A733-C430304668C2}.Debug|YC210SDK (ARMV4I).Deploy.0 = Debug|YC210SDK (ARMV4I)
		{32EC468E-066D-4F5F-A733-C430304668C2}.Release|Mixed Platforms.ActiveCfg = Release|YC210SDK (ARMV4I)
		{32EC468E-066D-4F5F-A733-C430304668C2}.Release|Mixed Platforms.Build.0 = Release|YC210SDK (ARMV4I)
		{32EC468E-066D-4F5F-A733-C430304668C2}.Release|Mixed Platforms.Deploy.0 = Release|YC210SDK (ARMV4I)
		{32EC468E-066D-4F5F-A733-C430304668C2}.Release|Pocket PC 2003 (ARMV4).ActiveCfg = Release|YC210SDK (ARMV4I)
		{32EC468E-066D-4F5F-A733-C430304668C2}.Release|Pocket PC 2003 (ARMV4).Build.0 = Release|YC210SDK (ARMV4I)
		{32EC468E-066D-4F5F-A733-C430304668C2}.Release|Pocket PC 2003 (ARMV4).Deploy.0 = Release|YC210SDK (ARMV4I)
		{32EC468E-066D-4F5F-A733-C430304668C2}.Release|SDK2 (ARMV4I).ActiveCfg = Release|YC210SDK (ARMV4I)
		{32EC468E-066D-4F5F-A733-C430304668C2}.Release|SDK2 (ARMV4I).Build.0 = Release|YC210SDK (ARMV4I)
		{32EC468E-066D-4F5F-A733-C430304668C2}.Release|SDK2 (ARMV4I).Deploy.0 = Release|YC210SDK (ARMV4I)
		{32EC468E-066D-4F5F-A733-C430304668C2}.Release|STANDARDSDK_500 (ARMV4I).ActiveCfg = Release|YC210SDK (ARMV4I)
		{32EC468E-066D-4F5F-A733-C430304668C2}.Release|STANDARDSDK_500 (MIPSII).ActiveCfg = Release|YC210SDK (ARMV4I)
		{32EC468E-066D-4F5F-A733-C430304668C2}.Release|STANDARDSDK_500 (MIPSII_FP).ActiveCfg = Release|YC210SDK (ARMV4I)
		{32EC468E-066D-4F5F-A733-C430304668C2}.Release|STANDARDSDK_500 (MIPSIV).ActiveCfg = Release|YC210SDK (ARMV4I)
		{32EC468E-066D-4F5F-A733-C430304668C2}.Release|STANDARDSDK_500 (MIPSIV_FP).ActiveCfg = Release|YC210SDK (ARMV4I)
		{32EC468E-066D-4F5F-A733-C430304668C2}.Release|STANDARDSDK_500 (SH4).ActiveCfg = Release|YC210SDK (ARMV4I)
		{32EC468E-066D-4F5F-A733-C430304668C2}.Release|STANDARDSDK_500 (x86).ActiveCfg = Release|YC210SDK (ARMV4I)
		{32EC468E-066D-4F5F-A733-C430304668C2}.Release|TCC892x_W7_SDK (ARMv4I).ActiveCfg = Release|YC210SDK (ARMV4I)
		{32EC468E-066D-4F5F-A733-C430304668C2}.Release|tele_SDK1 (ARMV4I).ActiveCfg = Release|YC210SDK (ARMV4I)
		{32EC468E-066D-4F5F-A733-C430304668C2}.Release|Windows Mobile 6 Professional SDK (ARMV4I).ActiveCfg = Release|YC210SDK (ARMV4I)
		{32EC468E-066D-4F5F-A733-C430304668C2}.Release|YC210SDK (ARMV4I).ActiveCfg = Release|YC210SDK (ARMV4I)
		{32EC468E-066D-4F5F-A733-C430304668C2}.Release|YC210SDK (ARMV4I).Build.0 = Release|YC210SDK (ARMV4I)
		{32EC468E-066D-4F5F-A733-C430304668C2}.Release|YC210SDK (ARMV4I).Deploy.0 = Release|YC210SDK (ARMV4I)
		{05AAEEEC-4A99-4679-A486-CB387AC00ECB}.Debug|Mixed Platforms.ActiveCfg = Debug|YC210SDK (ARMV4I)
		{05AAEEEC-4A99-4679-A486-CB387AC00ECB}.Debug|Mixed Platforms.Build.0 = Debug|YC210SDK (ARMV4I)
		{05AAEEEC-4A99-4679-A486-CB387AC00ECB}.Debug|Mixed Platforms.Deploy.0 = Debug|YC210SDK (ARMV4I)
		{05AAEEEC-4A99-4679-A486-CB387AC00ECB}.Debug|Pocket PC 2003 (ARMV4).ActiveCfg = Debug|YC210SDK (ARMV4I)
		{05AAEEEC-4A99-4679-A486-CB387AC00ECB}.Debug|Pocket PC 2003 (ARMV4).Build.0 = Debug|YC210SDK (ARMV4I)
		{05AAEEEC-4A99-4679-A486-CB387AC00ECB}.Debug|Pocket PC 2003 (ARMV4).Deploy.0 = Debug|YC210SDK (ARMV4I)
		{05AAEEEC-4A99-4679-A486-CB387AC00ECB}.Debug|SDK2 (ARMV4I).ActiveCfg = Debug|YC210SDK (ARMV4I)
		{05AAEEEC-4A99-4679-A486-CB387AC00ECB}.Debug|SDK2 (ARMV4I).Build.0 = Debug|YC210SDK (ARMV4I)
		{05AAEEEC-4A99-4679-A486-CB387AC00ECB}.Debug|SDK2 (ARMV4I).Deploy.0 = Debug|YC210SDK (ARMV4I)
		{05AAEEEC-4A99-4679-A486-CB387AC00ECB}.Debug|STANDARDSDK_500 (ARMV4I).ActiveCfg = Debug|YC210SDK (ARMV4I)
		{05AAEEEC-4A99-4679-A486-CB387AC00ECB}.Debug|STANDARDSDK_500 (MIPSII).ActiveCfg = Debug|YC210SDK (ARMV4I)
		{05AAEEEC-4A99-4679-A486-CB387AC00ECB}.Debug|STANDARDSDK_500 (MIPSII_FP).ActiveCfg = Debug|YC210SDK (ARMV4I)
		{05AAEEEC-4A99-4679-A486-CB387AC00ECB}.Debug|STANDARDSDK_500 (MIPSIV).ActiveCfg = Debug|YC210SDK (ARMV4I)
		{05AAEEEC-4A99-4679-A486-CB387AC00ECB}.Debug|STANDARDSDK_500 (MIPSIV_FP).ActiveCfg = Debug|YC210SDK (ARMV4I)
		{05AAEEEC-4A99-4679-A486-CB387AC00ECB}.Debug|STANDARDSDK_500 (SH4).ActiveCfg = Debug|YC210SDK (ARMV4I)
		{05AAEEEC-4A99-4679-A486-CB387AC00ECB}.Debug|STANDARDSDK_500 (x86).ActiveCfg = Debug|YC210SDK (ARMV4I)
		{05AAEEEC-4A99-4679-A486-CB387AC00ECB}.Debug|TCC892x_W7_SDK (ARMv4I).ActiveCfg = Debug|YC210SDK (ARMV4I)
		{05AAEEEC-4A99-4679-A486-CB387AC00ECB}.Debug|tele_SDK1 (ARMV4I).ActiveCfg = Debug|YC210SDK (ARMV4I)
		{05AAEEEC-4A99-4679-A486-CB387AC00ECB}.Debug|Windows Mobile 6 Professional SDK (ARMV4I).ActiveCfg = Debug|YC210SDK (ARMV4I)
		{05AAEEEC-4A99-4679-A486-CB387AC00ECB}.Debug|YC210SDK (ARMV4I).ActiveCfg = Debug|YC210SDK (ARMV4I)
		{05AAEEEC-4A99-4679-A486-CB387AC00ECB}.Debug|YC210SDK (ARMV4I).Build.0 = Debug|YC210SDK (ARMV4I)
		{05AAEEEC-4A99-4679-A486-CB387AC00ECB}.Debug|YC210SDK (ARMV4I).Deploy.0 = Debug|YC210SDK (ARMV4I)
		{05AAEEEC-4A99-4679-A486-CB387AC00ECB}.Release|Mixed Platforms.ActiveCfg = Release|YC210SDK (ARMV4I)
		{05AAEEEC-4A99-4679-A486-CB387AC00ECB}.Release|Mixed Platforms.Build.0 = Release|YC210SDK (ARMV4I)
		{05AAEEEC-4A99-4679-A486-CB387AC00ECB}.Release|Mixed Platforms.Deploy.0 = Release|YC210SDK (ARMV4I)
		{05AAEEEC-4A99-4679-A486-CB387AC00ECB}.Release|Pocket PC 2003 (ARMV4).ActiveCfg = Release|YC210SDK (ARMV4I)
		{05AAEEEC-4A99-4679-A486-CB387AC00ECB}.Release|Pocket PC 2003 (ARMV4).Build.0 = Release|YC210SDK (ARMV4I)
		{05AAEEEC-4A99-4679-A486-CB387AC00ECB}.Release|Pocket PC 2003 (ARMV4).Deploy.0 = Release|YC210SDK (ARMV4I)
		{05AAEEEC-4A99-4679-A486-CB387AC00ECB}.Release|SDK2 (ARMV4I).ActiveCfg = Release|YC210SDK (ARMV4I)
		{05AAEEEC-4A99-4679-A486-CB387AC00ECB}.Release|SDK2 (ARMV4I).Build.0 = Release|YC210SDK (ARMV4I)
		{05AAEEEC-4A99-4679-A486-CB387AC00ECB}.Release|SDK2 (ARMV4I).Deploy.0 = Release|YC210SDK (ARMV4I)
		{05AAEEEC-4A99-4679-A486-CB387AC00ECB}.Release|STANDARDSDK_500 (ARMV4I).ActiveCfg = Release|YC210SDK (ARMV4I)
		{05AAEEEC-4A99-4679-A486-CB387AC00ECB}.Release|STANDARDSDK_500 (MIPSII).ActiveCfg = Release|YC210SDK (ARMV4I)
		{05AAEEEC-4A99-4679-A486-CB387AC00ECB}.Release|STANDARDSDK_500 (MIPSII_FP).ActiveCfg = Release|YC210SDK (ARMV4I)
		{05AAEEEC-4A99-4679-A486-CB387AC00ECB}.Release|STANDARDSDK_500 (MIPSIV).ActiveCfg = Release|YC210SDK (ARMV4I)
		{05AAEEEC-4A99-4679-A486-CB387AC00ECB}.Release|STANDARDSDK_500 (MIPSIV_FP).ActiveCfg = Release|YC210SDK (ARMV4I)
		{05AAEEEC-4A99-4679-A486-CB387AC00ECB}.Release|STANDARDSDK_500 (SH4).ActiveCfg = Release|YC210SDK (ARMV4I)
		{05AAEEEC-4A99-4679-A486-CB387AC00ECB}.Release|STANDARDSDK_500 (x86).ActiveCfg = Release|YC210SDK (ARMV4I)
		{05AAEEEC-4A99-4679-A486-CB387AC00ECB}.Release|TCC892x_W7_SDK (ARMv4I).ActiveCfg = Release|YC210SDK (ARMV4I)
		{05AAEEEC-4A99-4679-A486-CB387AC00ECB}.Release|tele_SDK1 (ARMV4I).ActiveCfg = Release|YC210SDK (ARMV4I)
		{05AAEEEC-4A99-4679-A486-CB387AC00ECB}.Release|Windows Mobile 6 Professional SDK (ARMV4I).ActiveCfg = Release|YC210SDK (ARMV4I)
		{05AAEEEC-4A99-4679-A486-CB387AC00ECB}.Release|YC210SDK (ARMV4I).ActiveCfg = Release|YC210SDK (ARMV4I)
		{05AAEEEC-4A99-4679-A486-CB387AC00ECB}.Release|YC210SDK (ARMV4I).Build.0 = Release|YC210SDK (ARMV4I)
		{05AAEEEC-4A99-4679-A486-CB387AC00ECB}.Release|YC210SDK (ARMV4I).Deploy.0 = Release|YC210SDK (ARMV4I)
		{0B699A02-F22C-40B2-8DA2-202BA1109986}.Debug|Mixed Platforms.ActiveCfg = Debug|YC210SDK (ARMV4I)
		{0B699A02-F22C-40B2-8DA2-202BA1109986}.Debug|Mixed Platforms.Build.0 = Debug|YC210SDK (ARMV4I)
		{0B699A02-F22C-40B2-8DA2-202BA1109986}.Debug|Mixed Platforms.Deploy.0 = Debug|YC210SDK (ARMV4I)
		{0B699A02-F22C-40B2-8DA2-202BA1109986}.Debug|Pocket PC 2003 (ARMV4).ActiveCfg = Debug|YC210SDK (ARMV4I)
		{0B699A02-F22C-40B2-8DA2-202BA1109986}.Debug|Pocket PC 2003 (ARMV4).Build.0 = Debug|YC210SDK (ARMV4I)
		{0B699A02-F22C-40B2-8DA2-202BA1109986}.Debug|Pocket PC 2003 (ARMV4).Deploy.0 = Debug|YC210SDK (ARMV4I)
		{0B699A02-F22C-40B2-8DA2-202BA1109986}.Debug|SDK2 (ARMV4I).ActiveCfg = Debug|YC210SDK (ARMV4I)
		{0B699A02-F22C-40B2-8DA2-202BA1109986}.Debug|SDK2 (ARMV4I).Build.0 = Debug|YC210SDK (ARMV4I)
		{0B699A02-F22C-40B2-8DA2-202BA1109986}.Debug|SDK2 (ARMV4I).Deploy.0 = Debug|YC210SDK (ARMV4I)
		{0B699A02-F22C-40B2-8DA2-202BA1109986}.Debug|STANDARDSDK_500 (ARMV4I).ActiveCfg = Debug|YC210SDK (ARMV4I)
		{0B699A02-F22C-40B2-8DA2-202BA1109986}.Debug|STANDARDSDK_500 (MIPSII).ActiveCfg = Debug|YC210SDK (ARMV4I)
		{0B699A02-F22C-40B2-8DA2-202BA1109986}.Debug|STANDARDSDK_500 (MIPSII_FP).ActiveCfg = Debug|YC210SDK (ARMV4I)
		{0B699A02-F22C-40B2-8DA2-202BA1109986}.Debug|STANDARDSDK_500 (MIPSIV).ActiveCfg = Debug|YC210SDK (ARMV4I)
		{0B699A02-F22C-40B2-8DA2-202BA1109986}.Debug|STANDARDSDK_500 (MIPSIV_FP).ActiveCfg = Debug|YC210SDK (ARMV4I)
		{0B699A02-F22C-40B2-8DA2-202BA1109986}.Debug|STANDARDSDK_500 (SH4).ActiveCfg = Debug|YC210SDK (ARMV4I)
		{0B699A02-F22C-40B2-8DA2-202BA1109986}.Debug|STANDARDSDK_500 (x86).ActiveCfg = Debug|YC210SDK (ARMV4I)
		{0B699A02-F22C-40B2-8DA2-202BA1109986}.Debug|TCC892x_W7_SDK (ARMv4I).ActiveCfg = Debug|YC210SDK (ARMV4I)
		{0B699A02-F22C-40B2-8DA2-202BA1109986}.Debug|tele_SDK1 (ARMV4I).ActiveCfg = Debug|YC210SDK (ARMV4I)
		{0B699A02-F22C-40B2-8DA2-202BA1109986}.Debug|Windows Mobile 6 Professional SDK (ARMV4I).ActiveCfg = Debug|YC210SDK (ARMV4I)
		{0B699A02-F22C-40B2-8DA2-202BA1109986}.Debug|YC210SDK (ARMV4I).ActiveCfg = Debug|YC210SDK (ARMV4I)
		{0B699A02-F22C-40B2-8DA2-202BA1109986}.Debug|YC210SDK (ARMV4I).Build.0 = Debug|YC210SDK (ARMV4I)
		{0B699A02-F22C-40B2-8DA2-202BA1109986}.Debug|YC210SDK (ARMV4I).Deploy.0 = Debug|YC210SDK (ARMV4I)
		{0B699A02-F22C-40B2-8DA2-202BA1109986}.Release|Mixed Platforms.ActiveCfg = Release|YC210SDK (ARMV4I)
		{0B699A02-F22C-40B2-8DA2-202BA1109986}.Release|Mixed Platforms.Build.0 = Release|YC210SDK (ARMV4I)
		{0B699A02-F22C-40B2-8DA2-202BA1109986}.Release|Mixed Platforms.Deploy.0 = Release|YC210SDK (ARMV4I)
		{0B699A02-F22C-40B2-8DA2-202BA1109986}.Release|Pocket PC 2003 (ARMV4).ActiveCfg = Release|YC210SDK (ARMV4I)
		{0B699A02-F22C-40B2-8DA2-202BA1109986}.Release|Pocket PC 2003 (ARMV4).Build.0 = Release|YC210SDK (ARMV4I)
		{0B699A02-F22C-40B2-8DA2-202BA1109986}.Release|Pocket PC 2003 (ARMV4).Deploy.0 = Release|YC210SDK (ARMV4I)
		{0B699A02-F22C-40B2-8DA2-202BA1109986}.Release|SDK2 (ARMV4I).ActiveCfg = Release|YC210SDK (ARMV4I)
		{0B699A02-F22C-40B2-8DA2-202BA1109986}.Release|SDK2 (ARMV4I).Build.0 = Release|YC210SDK (ARMV4I)
		{0B699A02-F22C-40B2-8DA2-202BA1109986}.Release|SDK2 (ARMV4I).Deploy.0 = Release|YC210SDK (ARMV4I)
		{0B699A02-F22C-40B2-8DA2-202BA1109986}.Release|STANDARDSDK_500 (ARMV4I).ActiveCfg = Release|YC210SDK (ARMV4I)
		{0B699A02-F22C-40B2-8DA2-202BA1109986}.Release|STANDARDSDK_500 (MIPSII).ActiveCfg = Release|YC210SDK (ARMV4I)
		{0B699A02-F22C-40B2-8DA2-202BA1109986}.Release|STANDARDSDK_500 (MIPSII_FP).ActiveCfg = Release|YC210SDK (ARMV4I)
		{0B699A02-F22C-40B2-8DA2-202BA1109986}.Release|STANDARDSDK_500 (MIPSIV).ActiveCfg = Release|YC210SDK (ARMV4I)
		{0B699A02-F22C-40B2-8DA2-202BA1109986}.Release|STANDARDSDK_500 (MIPSIV_FP).ActiveCfg = Release|YC210SDK (ARMV4I)
		{0B699A02-F22C-40B2-8DA2-202BA1109986}.Release|STANDARDSDK_500 (SH4).ActiveCfg = Release|YC210SDK (ARMV4I)
		{0B699A02-F22C-40B2-8DA2-202BA1109986}.Release|STANDARDSDK_500 (x86).ActiveCfg = Release|YC210SDK (ARMV4I)
		{0B699A02-F22C-40B2-8DA2-202BA1109986}.Release|TCC892x_W7_SDK (ARMv4I).ActiveCfg = Release|YC210SDK (ARMV4I)
		{0B699A02-F22C-40B2-8DA2-202BA1109986}.Release|tele_SDK1 (ARMV4I).ActiveCfg = Release|YC210SDK (ARMV4I)
		{0B699A02-F22C-40B2-8DA2-202BA1109986}.Release|Windows Mobile 6 Professional SDK (ARMV4I).ActiveCfg = Release|YC210SDK (ARMV4I)
		{0B699A02-F22C-40B2-8DA2-202BA1109986}.Release|YC210SDK (ARMV4I).ActiveCfg = Release|YC210SDK (ARMV4I)
		{0B699A02-F22C-40B2-8DA2-202BA1109986}.Release|YC210SDK (ARMV4I).Build.0 = Release|YC210SDK (ARMV4I)
		{0B699A02-F22C-40B2-8DA2-202BA1109986}.Release|YC210SDK (ARMV4I).Deploy.0 = Release|YC210SDK (ARMV4I)
		{62BB9F60-7221-41BB-8819-6D9AE33F3816}.Debug|Mixed Platforms.ActiveCfg = Debug|YC210SDK (ARMV4I)
		{62BB9F60-7221-41BB-8819-6D9AE33F3816}.Debug|Mixed Platforms.Build.0 = Debug|YC210SDK (ARMV4I)
		{62BB9F60-7221-41BB-8819-6D9AE33F3816}.Debug|Mixed Platforms.Deploy.0 = Debug|YC210SDK (ARMV4I)
		{62BB9F60-7221-41BB-8819-6D9AE33F3816}.Debug|Pocket PC 2003 (ARMV4).ActiveCfg = Debug|YC210SDK (ARMV4I)
		{62BB9F60-7221-41BB-8819-6D9AE33F3816}.Debug|Pocket PC 2003 (ARMV4).Build.0 = Debug|YC210SDK (ARMV4I)
		{62BB9F60-7221-41BB-8819-6D9AE33F3816}.Debug|Pocket PC 2003 (ARMV4).Deploy.0 = Debug|YC210SDK (ARMV4I)
		{62BB9F60-7221-41BB-8819-6D9AE33F3816}.Debug|SDK2 (ARMV4I).ActiveCfg = Debug|YC210SDK (ARMV4I)
		{62BB9F60-7221-41BB-8819-6D9AE33F3816}.Debug|SDK2 (ARMV4I).Build.0 = Debug|YC210SDK (ARMV4I)
		{62BB9F60-7221-41BB-8819-6D9AE33F3816}.Debug|SDK2 (ARMV4I).Deploy.0 = Debug|YC210SDK (ARMV4I)
		{62BB9F60-7221-41BB-8819-6D9AE33F3816}.Debug|STANDARDSDK_500 (ARMV4I).ActiveCfg = Debug|YC210SDK (ARMV4I)
		{62BB9F60-7221-41BB-8819-6D9AE33F3816}.Debug|STANDARDSDK_500 (MIPSII).ActiveCfg = Debug|YC210SDK (ARMV4I)
		{62BB9F60-7221-41BB-8819-6D9AE33F3816}.Debug|STANDARDSDK_500 (MIPSII_FP).ActiveCfg = Debug|YC210SDK (ARMV4I)
		{62BB9F60-7221-41BB-8819-6D9AE33F3816}.Debug|STANDARDSDK_500 (MIPSIV).ActiveCfg = Debug|YC210SDK (ARMV4I)
		{62BB9F60-7221-41BB-8819-6D9AE33F3816}.Debug|STANDARDSDK_500 (MIPSIV_FP).ActiveCfg = Debug|YC210SDK (ARMV4I)
		{62BB9F60-7221-41BB-8819-6D9AE33F3816}.Debug|STANDARDSDK_500 (SH4).ActiveCfg = Debug|YC210SDK (ARMV4I)
		{62BB9F60-7221-41BB-8819-6D9AE33F3816}.Debug|STANDARDSDK_500 (x86).ActiveCfg = Debug|YC210SDK (ARMV4I)
		{62BB9F60-7221-41BB-8819-6D9AE33F3816}.Debug|TCC892x_W7_SDK (ARMv4I).ActiveCfg = Debug|YC210SDK (ARMV4I)
		{62BB9F60-7221-41BB-8819-6D9AE33F3816}.Debug|tele_SDK1 (ARMV4I).ActiveCfg = Debug|YC210SDK (ARMV4I)
		{62BB9F60-7221-41BB-8819-6D9AE33F3816}.Debug|Windows Mobile 6 Professional SDK (ARMV4I).ActiveCfg = Debug|YC210SDK (ARMV4I)
		{62BB9F60-7221-41BB-8819-6D9AE33F3816}.Debug|YC210SDK (ARMV4I).ActiveCfg = Debug|YC210SDK (ARMV4I)
		{62BB9F60-7221-41BB-8819-6D9AE33F3816}.Debug|YC210SDK (ARMV4I).Build.0 = Debug|YC210SDK (ARMV4I)
		{62BB9F60-7221-41BB-8819-6D9AE33F3816}.Debug|YC210SDK (ARMV4I).Deploy.0 = Debug|YC210SDK (ARMV4I)
		{62BB9F60-7221-41BB-8819-6D9AE33F3816}.Release|Mixed Platforms.ActiveCfg = Release|YC210SDK (ARMV4I)
		{62BB9F60-7221-41BB-8819-6D9AE33F3816}.Release|Mixed Platforms.Build.0 = Release|YC210SDK (ARMV4I)
		{62BB9F60-7221-41BB-8819-6D9AE33F3816}.Release|Mixed Platforms.Deploy.0 = Release|YC210SDK (ARMV4I)
		{62BB9F60-7221-41BB-8819-6D9AE33F3816}.Release|Pocket PC 2003 (ARMV4).ActiveCfg = Release|YC210SDK (ARMV4I)
		{62BB9F60-7221-41BB-8819-6D9AE33F3816}.Release|Pocket PC 2003 (ARMV4).Build.0 = Release|YC210SDK (ARMV4I)
		{62BB9F60-7221-41BB-8819-6D9AE33F3816}.Release|Pocket PC 2003 (ARMV4).Deploy.0 = Release|YC210SDK (ARMV4I)
		{62BB9F60-7221-41BB-8819-6D9AE33F3816}.Release|SDK2 (ARMV4I).ActiveCfg = Release|YC210SDK (ARMV4I)
		{62BB9F60-7221-41BB-8819-6D9AE33F3816}.Release|SDK2 (ARMV4I).Build.0 = Release|YC210SDK (ARMV4I)
		{62BB9F60-7221-41BB-8819-6D9AE33F3816}.Release|SDK2 (ARMV4I).Deploy.0 = Release|YC210SDK (ARMV4I)
		{62BB9F60-7221-41BB-8819-6D9AE33F3816}.Release|STANDARDSDK_500 (ARMV4I).ActiveCfg = Release|YC210SDK (ARMV4I)
		{62BB9F60-7221-41BB-8819-6D9AE33F3816}.Release|STANDARDSDK_500 (MIPSII).ActiveCfg = Release|YC210SDK (ARMV4I)
		{62BB9F60-7221-41BB-8819-6D9AE33F3816}.Release|STANDARDSDK_500 (MIPSII_FP).ActiveCfg = Release|YC210SDK (ARMV4I)
		{62BB9F60-7221-41BB-8819-6D9AE33F3816}.Release|STANDARDSDK_500 (MIPSIV).ActiveCfg = Release|YC210SDK (ARMV4I)
		{62BB9F60-7221-41BB-8819-6D9AE33F3816}.Release|STANDARDSDK_500 (MIPSIV_FP).ActiveCfg = Release|YC210SDK (ARMV4I)
		{62BB9F60-7221-41BB-8819-6D9AE33F3816}.Release|STANDARDSDK_500 (SH4).ActiveCfg = Release|YC210SDK (ARMV4I)
		{62BB9F60-7221-41BB-8819-6D9AE33F3816}.Release|STANDARDSDK_500 (x86).ActiveCfg = Release|YC210SDK (ARMV4I)
		{62BB9F60-7221-41BB-8819-6D9AE33F3816}.Release|TCC892x_W7_SDK (ARMv4I).ActiveCfg = Release|YC210SDK (ARMV4I)
		{62BB9F60-7221-41BB-8819-6D9AE33F3816}.Release|tele_SDK1 (ARMV4I).ActiveCfg = Release|YC210SDK (ARMV4I)
		{62BB9F60-7221-41BB-8819-6D9AE33F3816}.Release|Windows Mobile 6 Professional SDK (ARMV4I).ActiveCfg = Release|YC210SDK (ARMV4I)
		{62BB9F60-7221-41BB-8819-6D9AE33F3816}.Release|YC210SDK (ARMV4I).ActiveCfg = Release|YC210SDK (ARMV4I)
		{62BB9F60-7221-41BB-8819-6D9AE33F3816}.Release|YC210SDK (ARMV4I).Build.0 = Release|YC210SDK (ARMV4I)
		{62BB9F60-7221-41BB-8819-6D9AE33F3816}.Release|YC210SDK (ARMV4I).Deploy.0 = Release|YC210SDK (ARMV4I)
		{C22A1646-2B8D-4B95-B40E-280B4E961397}.Debug|Mixed Platforms.ActiveCfg = Debug|YC210SDK (ARMV4I)
		{C22A1646-2B8D-4B95-B40E-280B4E961397}.Debug|Mixed Platforms.Build.0 = Debug|YC210SDK (ARMV4I)
		{C22A1646-2B8D-4B95-B40E-280B4E961397}.Debug|Mixed Platforms.Deploy.0 = Debug|YC210SDK (ARMV4I)
		{C22A1646-2B8D-4B95-B40E-280B4E961397}.Debug|Pocket PC 2003 (ARMV4).ActiveCfg = Debug|YC210SDK (ARMV4I)
		{C22A1646-2B8D-4B95-B40E-280B4E961397}.Debug|Pocket PC 2003 (ARMV4).Build.0 = Debug|YC210SDK (ARMV4I)
		{C22A1646-2B8D-4B95-B40E-280B4E961397}.Debug|Pocket PC 2003 (ARMV4).Deploy.0 = Debug|YC210SDK (ARMV4I)
		{C22A1646-2B8D-4B95-B40E-280B4E961397}.Debug|SDK2 (ARMV4I).ActiveCfg = Debug|YC210SDK (ARMV4I)
		{C22A1646-2B8D-4B95-B40E-280B4E961397}.Debug|SDK2 (ARMV4I).Build.0 = Debug|YC210SDK (ARMV4I)
		{C22A1646-2B8D-4B95-B40E-280B4E961397}.Debug|SDK2 (ARMV4I).Deploy.0 = Debug|YC210SDK (ARMV4I)
		{C22A1646-2B8D-4B95-B40E-280B4E961397}.Debug|STANDARDSDK_500 (ARMV4I).ActiveCfg = Debug|YC210SDK (ARMV4I)
		{C22A1646-2B8D-4B95-B40E-280B4E961397}.Debug|STANDARDSDK_500 (MIPSII).ActiveCfg = Debug|YC210SDK (ARMV4I)
		{C22A1646-2B8D-4B95-B40E-280B4E961397}.Debug|STANDARDSDK_500 (MIPSII_FP).ActiveCfg = Debug|YC210SDK (ARMV4I)
		{C22A1646-2B8D-4B95-B40E-280B4E961397}.Debug|STANDARDSDK_500 (MIPSIV).ActiveCfg = Debug|YC210SDK (ARMV4I)
		{C22A1646-2B8D-4B95-B40E-280B4E961397}.Debug|STANDARDSDK_500 (MIPSIV_FP).ActiveCfg = Debug|YC210SDK (ARMV4I)
		{C22A1646-2B8D-4B95-B40E-280B4E961397}.Debug|STANDARDSDK_500 (SH4).ActiveCfg = Debug|YC210SDK (ARMV4I)
		{C22A1646-2B8D-4B95-B40E-280B4E961397}.Debug|STANDARDSDK_500 (x86).ActiveCfg = Debug|YC210SDK (ARMV4I)
		{C22A1646-2B8D-4B95-B40E-280B4E961397}.Debug|TCC892x_W7_SDK (ARMv4I).ActiveCfg = Debug|YC210SDK (ARMV4I)
		{C22A1646-2B8D-4B95-B40E-280B4E961397}.Debug|tele_SDK1 (ARMV4I).ActiveCfg = Debug|YC210SDK (ARMV4I)
		{C22A1646-2B8D-4B95-B40E-280B4E961397}.Debug|Windows Mobile 6 Professional SDK (ARMV4I).ActiveCfg = Debug|YC210SDK (ARMV4I)
		{C22A1646-2B8D-4B95-B40E-280B4E961397}.Debug|YC210SDK (ARMV4I).ActiveCfg = Debug|YC210SDK (ARMV4I)
		{C22A1646-2B8D-4B95-B40E-280B4E961397}.Debug|YC210SDK (ARMV4I).Build.0 = Debug|YC210SDK (ARMV4I)
		{C22A1646-2B8D-4B95-B40E-280B4E961397}.Debug|YC210SDK (ARMV4I).Deploy.0 = Debug|YC210SDK (ARMV4I)
		{C22A1646-2B8D-4B95-B40E-280B4E961397}.Release|Mixed Platforms.ActiveCfg = Release|YC210SDK (ARMV4I)
		{C22A1646-2B8D-4B95-B40E-280B4E961397}.Release|Mixed Platforms.Build.0 = Release|YC210SDK (ARMV4I)
		{C22A1646-2B8D-4B95-B40E-280B4E961397}.Release|Mixed Platforms.Deploy.0 = Release|YC210SDK (ARMV4I)
		{C22A1646-2B8D-4B95-B40E-280B4E961397}.Release|Pocket PC 2003 (ARMV4).ActiveCfg = Release|YC210SDK (ARMV4I)
		{C22A1646-2B8D-4B95-B40E-280B4E961397}.Release|Pocket PC 2003 (ARMV4).Build.0 = Release|YC210SDK (ARMV4I)
		{C22A1646-2B8D-4B95-B40E-280B4E961397}.Release|Pocket PC 2003 (ARMV4).Deploy.0 = Release|YC210SDK (ARMV4I)
		{C22A1646-2B8D-4B95-B40E-280B4E961397}.Release|SDK2 (ARMV4I).ActiveCfg = Release|YC210SDK (ARMV4I)
		{C22A1646-2B8D-4B95-B40E-280B4E961397}.Release|SDK2 (ARMV4I).Build.0 = Release|YC210SDK (ARMV4I)
		{C22A1646-2B8D-4B95-B40E-280B4E961397}.Release|SDK2 (ARMV4I).Deploy.0 = Release|YC210SDK (ARMV4I)
		{C22A1646-2B8D-4B95-B40E-280B4E961397}.Release|STANDARDSDK_500 (ARMV4I).ActiveCfg = Release|YC210SDK (ARMV4I)
		{C22A1646-2B8D-4B95-B40E-280B4E961397}.Release|STANDARDSDK_500 (MIPSII).ActiveCfg = Release|YC210SDK (ARMV4I)
		{C22A1646-2B8D-4B95-B40E-280B4E961397}.Release|STANDARDSDK_500 (MIPSII_FP).ActiveCfg = Release|YC210SDK (ARMV4I)
		{C22A1646-2B8D-4B95-B40E-280B4E961397}.Release|STANDARDSDK_500 (MIPSIV).ActiveCfg = Release|YC210SDK (ARMV4I)
		{C22A1646-2B8D-4B95-B40E-280B4E961397}.Release|STANDARDSDK_500 (MIPSIV_FP).ActiveCfg = Release|YC210SDK (ARMV4I)
		{C22A1646-2B8D-4B95-B40E-280B4E961397}.Release|STANDARDSDK_500 (SH4).ActiveCfg = Release|YC210SDK (ARMV4I)
		{C22A1646-2B8D-4B95-B40E-280B4E961397}.Release|STANDARDSDK_500 (x86).ActiveCfg = Release|YC210SDK (ARMV4I)
		{C22A1646-2B8D-4B95-B40E-280B4E961397}.Release|TCC892x_W7_SDK (ARMv4I).ActiveCfg = Release|YC210SDK (ARMV4I)
		{C22A1646-2B8D-4B95-B40E-280B4E961397}.Release|tele_SDK1 (ARMV4I).ActiveCfg = Release|YC210SDK (ARMV4I)
		{C22A1646-2B8D-4B95-B40E-280B4E961397}.Release|Windows Mobile 6 Professional SDK (ARMV4I).ActiveCfg = Release|YC210SDK (ARMV4I)
		{C22A1646-2B8D-4B95-B40E-280B4E961397}.Release|YC210SDK (ARMV4I).ActiveCfg = Release|YC210SDK (ARMV4I)
		{C22A1646-2B8D-4B95-B40E-280B4E961397}.Release|YC210SDK (ARMV4I).Build.0 = Release|YC210SDK (ARMV4I)
		{C22A1646-2B8D-4B95-B40E-280B4E961397}.Release|YC210SDK (ARMV4I).Deploy.0 = Release|YC210SDK (ARMV4I)
		{3F7FF331-6E8A-43E9-BDC1-D8E8299720E8}.Debug|Mixed Platforms.ActiveCfg = Debug|YC210SDK (ARMV4I)
		{3F7FF331-6E8A-43E9-BDC1-D8E8299720E8}.Debug|Mixed Platforms.Build.0 = Debug|YC210SDK (ARMV4I)
		{3F7FF331-6E8A-43E9-BDC1-D8E8299720E8}.Debug|Mixed Platforms.Deploy.0 = Debug|YC210SDK (ARMV4I)
		{3F7FF331-6E8A-43E9-BDC1-D8E8299720E8}.Debug|Pocket PC 2003 (ARMV4).ActiveCfg = Debug|YC210SDK (ARMV4I)
		{3F7FF331-6E8A-43E9-BDC1-D8E8299720E8}.Debug|Pocket PC 2003 (ARMV4).Build.0 = Debug|YC210SDK (ARMV4I)
		{3F7FF331-6E8A-43E9-BDC1-D8E8299720E8}.Debug|Pocket PC 2003 (ARMV4).Deploy.0 = Debug|YC210SDK (ARMV4I)
		{3F7FF331-6E8A-43E9-BDC1-D8E8299720E8}.Debug|SDK2 (ARMV4I).ActiveCfg = Debug|YC210SDK (ARMV4I)
		{3F7FF331-6E8A-43E9-BDC1-D8E8299720E8}.Debug|SDK2 (ARMV4I).Build.0 = Debug|YC210SDK (ARMV4I)
		{3F7FF331-6E8A-43E9-BDC1-D8E8299720E8}.Debug|SDK2 (ARMV4I).Deploy.0 = Debug|YC210SDK (ARMV4I)
		{3F7FF331-6E8A-43E9-BDC1-D8E8299720E8}.Debug|STANDARDSDK_500 (ARMV4I).ActiveCfg = Debug|YC210SDK (ARMV4I)
		{3F7FF331-6E8A-43E9-BDC1-D8E8299720E8}.Debug|STANDARDSDK_500 (MIPSII).ActiveCfg = Debug|YC210SDK (ARMV4I)
		{3F7FF331-6E8A-43E9-BDC1-D8E8299720E8}.Debug|STANDARDSDK_500 (MIPSII_FP).ActiveCfg = Debug|YC210SDK (ARMV4I)
		{3F7FF331-6E8A-43E9-BDC1-D8E8299720E8}.Debug|STANDARDSDK_500 (MIPSIV).ActiveCfg = Debug|YC210SDK (ARMV4I)
		{3F7FF331-6E8A-43E9-BDC1-D8E8299720E8}.Debug|STANDARDSDK_500 (MIPSIV_FP).ActiveCfg = Debug|YC210SDK (ARMV4I)
		{3F7FF331-6E8A-43E9-BDC1-D8E8299720E8}.Debug|STANDARDSDK_500 (SH4).ActiveCfg = Debug|YC210SDK (ARMV4I)
		{3F7FF331-6E8A-43E9-BDC1-D8E8299720E8}.Debug|STANDARDSDK_500 (x86).ActiveCfg = Debug|YC210SDK (ARMV4I)
		{3F7FF331-6E8A-43E9-BDC1-D8E8299720E8}.Debug|TCC892x_W7_SDK (ARMv4I).ActiveCfg = Debug|YC210SDK (ARMV4I)
		{3F7FF331-6E8A-43E9-BDC1-D8E8299720E8}.Debug|tele_SDK1 (ARMV4I).ActiveCfg = Debug|YC210SDK (ARMV4I)
		{3F7FF331-6E8A-43E9-BDC1-D8E8299720E8}.Debug|Windows Mobile 6 Professional SDK (ARMV4I).ActiveCfg = Debug|YC210SDK (ARMV4I)
		{3F7FF331-6E8A-43E9-BDC1-D8E8299720E8}.Debug|YC210SDK (ARMV4I).ActiveCfg = Debug|YC210SDK (ARMV4I)
		{3F7FF331-6E8A-43E9-BDC1-D8E8299720E8}.Debug|YC210SDK (ARMV4I).Build.0 = Debug|YC210SDK (ARMV4I)
		{3F7FF331-6E8A-43E9-BDC1-D8E8299720E8}.Debug|YC210SDK (ARMV4I).Deploy.0 = Debug|YC210SDK (ARMV4I)
		{3F7FF331-6E8A-43E9-BDC1-D8E8299720E8}.Release|Mixed Platforms.ActiveCfg = Release|YC210SDK (ARMV4I)
		{3F7FF331-6E8A-43E9-BDC1-D8E8299720E8}.Release|Mixed Platforms.Build.0 = Release|YC210SDK (ARMV4I)
		{3F7FF331-6E8A-43E9-BDC1-D8E8299720E8}.Release|Mixed Platforms.Deploy.0 = Release|YC210SDK (ARMV4I)
		{3F7FF331-6E8A-43E9-BDC1-D8E8299720E8}.Release|Pocket PC 2003 (ARMV4).ActiveCfg = Release|YC210SDK (ARMV4I)
		{3F7FF331-6E8A-43E9-BDC1-D8E8299720E8}.Release|Pocket PC 2003 (ARMV4).Build.0 = Release|YC210SDK (ARMV4I)
		{3F7FF331-6E8A-43E9-BDC1-D8E8299720E8}.Release|Pocket PC 2003 (ARMV4).Deploy.0 = Release|YC210SDK (ARMV4I)
		{3F7FF331-6E8A-43E9-BDC1-D8E8299720E8}.Release|SDK2 (ARMV4I).ActiveCfg = Release|YC210SDK (ARMV4I)
		{3F7FF331-6E8A-43E9-BDC1-D8E8299720E8}.Release|STANDARDSDK_500 (ARMV4I).ActiveCfg = Release|YC210SDK (ARMV4I)
		{3F7FF331-6E8A-43E9-BDC1-D8E8299720E8}.Release|STANDARDSDK_500 (MIPSII).ActiveCfg = Release|YC210SDK (ARMV4I)
		{3F7FF331-6E8A-43E9-BDC1-D8E8299720E8}.Release|STANDARDSDK_500 (MIPSII_FP).ActiveCfg = Release|YC210SDK (ARMV4I)
		{3F7FF331-6E8A-43E9-BDC1-D8E8299720E8}.Release|STANDARDSDK_500 (MIPSIV).ActiveCfg = Release|YC210SDK (ARMV4I)
		{3F7FF331-6E8A-43E9-BDC1-D8E8299720E8}.Release|STANDARDSDK_500 (MIPSIV_FP).ActiveCfg = Release|YC210SDK (ARMV4I)
		{3F7FF331-6E8A-43E9-BDC1-D8E8299720E8}.Release|STANDARDSDK_500 (SH4).ActiveCfg = Release|YC210SDK (ARMV4I)
		{3F7FF331-6E8A-43E9-BDC1-D8E8299720E8}.Release|STANDARDSDK_500 (x86).ActiveCfg = Release|YC210SDK (ARMV4I)
		{3F7FF331-6E8A-43E9-BDC1-D8E8299720E8}.Release|TCC892x_W7_SDK (ARMv4I).ActiveCfg = Release|YC210SDK (ARMV4I)
		{3F7FF331-6E8A-43E9-BDC1-D8E8299720E8}.Release|tele_SDK1 (ARMV4I).ActiveCfg = Release|YC210SDK (ARMV4I)
		{3F7FF331-6E8A-43E9-BDC1-D8E8299720E8}.Release|Windows Mobile 6 Professional SDK (ARMV4I).ActiveCfg = Release|YC210SDK (ARMV4I)
		{3F7FF331-6E8A-43E9-BDC1-D8E8299720E8}.Release|YC210SDK (ARMV4I).ActiveCfg = Release|YC210SDK (ARMV4I)
		{3F7FF331-6E8A-43E9-BDC1-D8E8299720E8}.Release|YC210SDK (ARMV4I).Build.0 = Release|YC210SDK (ARMV4I)
		{3F7FF331-6E8A-43E9-BDC1-D8E8299720E8}.Release|YC210SDK (ARMV4I).Deploy.0 = Release|YC210SDK (ARMV4I)
		{AA187386-1772-43CE-A9FE-35558902382F}.Debug|Mixed Platforms.ActiveCfg = Debug|YC210SDK (ARMV4I)
		{AA187386-1772-43CE-A9FE-35558902382F}.Debug|Mixed Platforms.Build.0 = Debug|YC210SDK (ARMV4I)
		{AA187386-1772-43CE-A9FE-35558902382F}.Debug|Mixed Platforms.Deploy.0 = Debug|YC210SDK (ARMV4I)
		{AA187386-1772-43CE-A9FE-35558902382F}.Debug|Pocket PC 2003 (ARMV4).ActiveCfg = Debug|YC210SDK (ARMV4I)
		{AA187386-1772-43CE-A9FE-35558902382F}.Debug|Pocket PC 2003 (ARMV4).Build.0 = Debug|YC210SDK (ARMV4I)
		{AA187386-1772-43CE-A9FE-35558902382F}.Debug|Pocket PC 2003 (ARMV4).Deploy.0 = Debug|YC210SDK (ARMV4I)
		{AA187386-1772-43CE-A9FE-35558902382F}.Debug|SDK2 (ARMV4I).ActiveCfg = Debug|YC210SDK (ARMV4I)
		{AA187386-1772-43CE-A9FE-35558902382F}.Debug|SDK2 (ARMV4I).Build.0 = Debug|YC210SDK (ARMV4I)
		{AA187386-1772-43CE-A9FE-35558902382F}.Debug|SDK2 (ARMV4I).Deploy.0 = Debug|YC210SDK (ARMV4I)
		{AA187386-1772-43CE-A9FE-35558902382F}.Debug|STANDARDSDK_500 (ARMV4I).ActiveCfg = Debug|YC210SDK (ARMV4I)
		{AA187386-1772-43CE-A9FE-35558902382F}.Debug|STANDARDSDK_500 (MIPSII).ActiveCfg = Debug|YC210SDK (ARMV4I)
		{AA187386-1772-43CE-A9FE-35558902382F}.Debug|STANDARDSDK_500 (MIPSII_FP).ActiveCfg = Debug|YC210SDK (ARMV4I)
		{AA187386-1772-43CE-A9FE-35558902382F}.Debug|STANDARDSDK_500 (MIPSIV).ActiveCfg = Debug|YC210SDK (ARMV4I)
		{AA187386-1772-43CE-A9FE-35558902382F}.Debug|STANDARDSDK_500 (MIPSIV_FP).ActiveCfg = Debug|YC210SDK (ARMV4I)
		{AA187386-1772-43CE-A9FE-35558902382F}.Debug|STANDARDSDK_500 (SH4).ActiveCfg = Debug|YC210SDK (ARMV4I)
		{AA187386-1772-43CE-A9FE-35558902382F}.Debug|STANDARDSDK_500 (x86).ActiveCfg = Debug|YC210SDK (ARMV4I)
		{AA187386-1772-43CE-A9FE-35558902382F}.Debug|TCC892x_W7_SDK (ARMv4I).ActiveCfg = Debug|YC210SDK (ARMV4I)
		{AA187386-1772-43CE-A9FE-35558902382F}.Debug|tele_SDK1 (ARMV4I).ActiveCfg = Debug|YC210SDK (ARMV4I)
		{AA187386-1772-43CE-A9FE-35558902382F}.Debug|Windows Mobile 6 Professional SDK (ARMV4I).ActiveCfg = Debug|YC210SDK (ARMV4I)
		{AA187386-1772-43CE-A9FE-35558902382F}.Debug|YC210SDK (ARMV4I).ActiveCfg = Debug|YC210SDK (ARMV4I)
		{AA187386-1772-43CE-A9FE-35558902382F}.Debug|YC210SDK (ARMV4I).Build.0 = Debug|YC210SDK (ARMV4I)
		{AA187386-1772-43CE-A9FE-35558902382F}.Debug|YC210SDK (ARMV4I).Deploy.0 = Debug|YC210SDK (ARMV4I)
		{AA187386-1772-43CE-A9FE-35558902382F}.Release|Mixed Platforms.ActiveCfg = Release|YC210SDK (ARMV4I)
		{AA187386-1772-43CE-A9FE-35558902382F}.Release|Mixed Platforms.Build.0 = Release|YC210SDK (ARMV4I)
		{AA187386-1772-43CE-A9FE-35558902382F}.Release|Mixed Platforms.Deploy.0 = Release|YC210SDK (ARMV4I)
		{AA187386-1772-43CE-A9FE-35558902382F}.Release|Pocket PC 2003 (ARMV4).ActiveCfg = Release|YC210SDK (ARMV4I)
		{AA187386-1772-43CE-A9FE-35558902382F}.Release|Pocket PC 2003 (ARMV4).Build.0 = Release|YC210SDK (ARMV4I)
		{AA187386-1772-43CE-A9FE-35558902382F}.Release|Pocket PC 2003 (ARMV4).Deploy.0 = Release|YC210SDK (ARMV4I)
		{AA187386-1772-43CE-A9FE-35558902382F}.Release|SDK2 (ARMV4I).ActiveCfg = Release|YC210SDK (ARMV4I)
		{AA187386-1772-43CE-A9FE-35558902382F}.Release|SDK2 (ARMV4I).Build.0 = Release|YC210SDK (ARMV4I)
		{AA187386-1772-43CE-A9FE-35558902382F}.Release|SDK2 (ARMV4I).Deploy.0 = Release|YC210SDK (ARMV4I)
		{AA187386-1772-43CE-A9FE-35558902382F}.Release|STANDARDSDK_500 (ARMV4I).ActiveCfg = Release|YC210SDK (ARMV4I)
		{AA187386-1772-43CE-A9FE-35558902382F}.Release|STANDARDSDK_500 (MIPSII).ActiveCfg = Release|YC210SDK (ARMV4I)
		{AA187386-1772-43CE-A9FE-35558902382F}.Release|STANDARDSDK_500 (MIPSII_FP).ActiveCfg = Release|YC210SDK (ARMV4I)
		{AA187386-1772-43CE-A9FE-35558902382F}.Release|STANDARDSDK_500 (MIPSIV).ActiveCfg = Release|YC210SDK (ARMV4I)
		{AA187386-1772-43CE-A9FE-35558902382F}.Release|STANDARDSDK_500 (MIPSIV_FP).ActiveCfg = Release|YC210SDK (ARMV4I)
		{AA187386-1772-43CE-A9FE-35558902382F}.Release|STANDARDSDK_500 (SH4).ActiveCfg = Release|YC210SDK (ARMV4I)
		{AA187386-1772-43CE-A9FE-35558902382F}.Release|STANDARDSDK_500 (x86).ActiveCfg = Release|YC210SDK (ARMV4I)
		{AA187386-1772-43CE-A9FE-35558902382F}.Release|TCC892x_W7_SDK (ARMv4I).ActiveCfg = Release|YC210SDK (ARMV4I)
		{AA187386-1772-43CE-A9FE-35558902382F}.Release|tele_SDK1 (ARMV4I).ActiveCfg = Release|YC210SDK (ARMV4I)
		{AA187386-1772-43CE-A9FE-35558902382F}.Release|Windows Mobile 6 Professional SDK (ARMV4I).ActiveCfg = Release|YC210SDK (ARMV4I)
		{AA187386-1772-43CE-A9FE-35558902382F}.Release|YC210SDK (ARMV4I).ActiveCfg = Release|YC210SDK (ARMV4I)
		{AA187386-1772-43CE-A9FE-35558902382F}.Release|YC210SDK (ARMV4I).Build.0 = Release|YC210SDK (ARMV4I)
		{AA187386-1772-43CE-A9FE-35558902382F}.Release|YC210SDK (ARMV4I).Deploy.0 = Release|YC210SDK (ARMV4I)
		{E30478EC-C1BF-4103-9F34-00881435C0E6}.Debug|Mixed Platforms.ActiveCfg = Debug|YC210SDK (ARMV4I)
		{E30478EC-C1BF-4103-9F34-00881435C0E6}.Debug|Mixed Platforms.Build.0 = Debug|YC210SDK (ARMV4I)
		{E30478EC-C1BF-4103-9F34-00881435C0E6}.Debug|Mixed Platforms.Deploy.0 = Debug|YC210SDK (ARMV4I)
		{E30478EC-C1BF-4103-9F34-00881435C0E6}.Debug|Pocket PC 2003 (ARMV4).ActiveCfg = Debug|YC210SDK (ARMV4I)
		{E30478EC-C1BF-4103-9F34-00881435C0E6}.Debug|Pocket PC 2003 (ARMV4).Build.0 = Debug|YC210SDK (ARMV4I)
		{E30478EC-C1BF-4103-9F34-00881435C0E6}.Debug|Pocket PC 2003 (ARMV4).Deploy.0 = Debug|YC210SDK (ARMV4I)
		{E30478EC-C1BF-4103-9F34-00881435C0E6}.Debug|SDK2 (ARMV4I).ActiveCfg = Debug|YC210SDK (ARMV4I)
		{E30478EC-C1BF-4103-9F34-00881435C0E6}.Debug|SDK2 (ARMV4I).Build.0 = Debug|YC210SDK (ARMV4I)
		{E30478EC-C1BF-4103-9F34-00881435C0E6}.Debug|SDK2 (ARMV4I).Deploy.0 = Debug|YC210SDK (ARMV4I)
		{E30478EC-C1BF-4103-9F34-00881435C0E6}.Debug|STANDARDSDK_500 (ARMV4I).ActiveCfg = Debug|YC210SDK (ARMV4I)
		{E30478EC-C1BF-4103-9F34-00881435C0E6}.Debug|STANDARDSDK_500 (MIPSII).ActiveCfg = Debug|YC210SDK (ARMV4I)
		{E30478EC-C1BF-4103-9F34-00881435C0E6}.Debug|STANDARDSDK_500 (MIPSII_FP).ActiveCfg = Debug|YC210SDK (ARMV4I)
		{E30478EC-C1BF-4103-9F34-00881435C0E6}.Debug|STANDARDSDK_500 (MIPSIV).ActiveCfg = Debug|YC210SDK (ARMV4I)
		{E30478EC-C1BF-4103-9F34-00881435C0E6}.Debug|STANDARDSDK_500 (MIPSIV_FP).ActiveCfg = Debug|YC210SDK (ARMV4I)
		{E30478EC-C1BF-4103-9F34-00881435C0E6}.Debug|STANDARDSDK_500 (SH4).ActiveCfg = Debug|YC210SDK (ARMV4I)
		{E30478EC-C1BF-4103-9F34-00881435C0E6}.Debug|STANDARDSDK_500 (x86).ActiveCfg = Debug|YC210SDK (ARMV4I)
		{E30478EC-C1BF-4103-9F34-00881435C0E6}.Debug|TCC892x_W7_SDK (ARMv4I).ActiveCfg = Debug|YC210SDK (ARMV4I)
		{E30478EC-C1BF-4103-9F34-00881435C0E6}.Debug|tele_SDK1 (ARMV4I).ActiveCfg = Debug|YC210SDK (ARMV4I)
		{E30478EC-C1BF-4103-9F34-00881435C0E6}.Debug|Windows Mobile 6 Professional SDK (ARMV4I).ActiveCfg = Debug|YC210SDK (ARMV4I)
		{E30478EC-C1BF-4103-9F34-00881435C0E6}.Debug|YC210SDK (ARMV4I).ActiveCfg = Debug|YC210SDK (ARMV4I)
		{E30478EC-C1BF-4103-9F34-00881435C0E6}.Debug|YC210SDK (ARMV4I).Build.0 = Debug|YC210SDK (ARMV4I)
		{E30478EC-C1BF-4103-9F34-00881435C0E6}.Debug|YC210SDK (ARMV4I).Deploy.0 = Debug|YC210SDK (ARMV4I)
		{E30478EC-C1BF-4103-9F34-00881435C0E6}.Release|Mixed Platforms.ActiveCfg = Release|YC210SDK (ARMV4I)
		{E30478EC-C1BF-4103-9F34-00881435C0E6}.Release|Mixed Platforms.Build.0 = Release|YC210SDK (ARMV4I)
		{E30478EC-C1BF-4103-9F34-00881435C0E6}.Release|Mixed Platforms.Deploy.0 = Release|YC210SDK (ARMV4I)
		{E30478EC-C1BF-4103-9F34-00881435C0E6}.Release|Pocket PC 2003 (ARMV4).ActiveCfg = Release|YC210SDK (ARMV4I)
		{E30478EC-C1BF-4103-9F34-00881435C0E6}.Release|Pocket PC 2003 (ARMV4).Build.0 = Release|YC210SDK (ARMV4I)
		{E30478EC-C1BF-4103-9F34-00881435C0E6}.Release|Pocket PC 2003 (ARMV4).Deploy.0 = Release|YC210SDK (ARMV4I)
		{E30478EC-C1BF-4103-9F34-00881435C0E6}.Release|SDK2 (ARMV4I).ActiveCfg = Release|YC210SDK (ARMV4I)
		{E30478EC-C1BF-4103-9F34-00881435C0E6}.Release|STANDARDSDK_500 (ARMV4I).ActiveCfg = Release|YC210SDK (ARMV4I)
		{E30478EC-C1BF-4103-9F34-00881435C0E6}.Release|STANDARDSDK_500 (MIPSII).ActiveCfg = Release|YC210SDK (ARMV4I)
		{E30478EC-C1BF-4103-9F34-00881435C0E6}.Release|STANDARDSDK_500 (MIPSII_FP).ActiveCfg = Release|YC210SDK (ARMV4I)
		{E30478EC-C1BF-4103-9F34-00881435C0E6}.Release|STANDARDSDK_500 (MIPSIV).ActiveCfg = Release|YC210SDK (ARMV4I)
		{E30478EC-C1BF-4103-9F34-00881435C0E6}.Release|STANDARDSDK_500 (MIPSIV_FP).ActiveCfg = Release|YC210SDK (ARMV4I)
		{E30478EC-C1BF-4103-9F34-00881435C0E6}.Release|STANDARDSDK_500 (SH4).ActiveCfg = Release|YC210SDK (ARMV4I)
		{E30478EC-C1BF-4103-9F34-00881435C0E6}.Release|STANDARDSDK_500 (x86).ActiveCfg = Release|YC210SDK (ARMV4I)
		{E30478EC-C1BF-4103-9F34-00881435C0E6}.Release|TCC892x_W7_SDK (ARMv4I).ActiveCfg = Release|YC210SDK (ARMV4I)
		{E30478EC-C1BF-4103-9F34-00881435C0E6}.Release|tele_SDK1 (ARMV4I).ActiveCfg = Release|YC210SDK (ARMV4I)
		{E30478EC-C1BF-4103-9F34-00881435C0E6}.Release|Windows Mobile 6 Professional SDK (ARMV4I).ActiveCfg = Release|YC210SDK (ARMV4I)
		{E30478EC-C1BF-4103-9F34-00881435C0E6}.Release|YC210SDK (ARMV4I).ActiveCfg = Release|YC210SDK (ARMV4I)
		{E30478EC-C1BF-4103-9F34-00881435C0E6}.Release|YC210SDK (ARMV4I).Build.0 = Release|YC210SDK (ARMV4I)
		{E30478EC-C1BF-4103-9F34-00881435C0E6}.Release|YC210SDK (ARMV4I).Deploy.0 = Release|YC210SDK (ARMV4I)
		{20AE84AD-BFDC-49CE-8EAB-70B7F6FE112B}.Debug|Mixed Platforms.ActiveCfg = Debug|YC210SDK (ARMV4I)
		{20AE84AD-BFDC-49CE-8EAB-70B7F6FE112B}.Debug|Mixed Platforms.Build.0 = Debug|YC210SDK (ARMV4I)
		{20AE84AD-BFDC-49CE-8EAB-70B7F6FE112B}.Debug|Mixed Platforms.Deploy.0 = Debug|YC210SDK (ARMV4I)
		{20AE84AD-BFDC-49CE-8EAB-70B7F6FE112B}.Debug|Pocket PC 2003 (ARMV4).ActiveCfg = Debug|YC210SDK (ARMV4I)
		{20AE84AD-BFDC-49CE-8EAB-70B7F6FE112B}.Debug|Pocket PC 2003 (ARMV4).Build.0 = Debug|YC210SDK (ARMV4I)
		{20AE84AD-BFDC-49CE-8EAB-70B7F6FE112B}.Debug|Pocket PC 2003 (ARMV4).Deploy.0 = Debug|YC210SDK (ARMV4I)
		{20AE84AD-BFDC-49CE-8EAB-70B7F6FE112B}.Debug|SDK2 (ARMV4I).ActiveCfg = Debug|YC210SDK (ARMV4I)
		{20AE84AD-BFDC-49CE-8EAB-70B7F6FE112B}.Debug|SDK2 (ARMV4I).Build.0 = Debug|YC210SDK (ARMV4I)
		{20AE84AD-BFDC-49CE-8EAB-70B7F6FE112B}.Debug|SDK2 (ARMV4I).Deploy.0 = Debug|YC210SDK (ARMV4I)
		{20AE84AD-BFDC-49CE-8EAB-70B7F6FE112B}.Debug|STANDARDSDK_500 (ARMV4I).ActiveCfg = Debug|YC210SDK (ARMV4I)
		{20AE84AD-BFDC-49CE-8EAB-70B7F6FE112B}.Debug|STANDARDSDK_500 (MIPSII).ActiveCfg = Debug|YC210SDK (ARMV4I)
		{20AE84AD-BFDC-49CE-8EAB-70B7F6FE112B}.Debug|STANDARDSDK_500 (MIPSII_FP).ActiveCfg = Debug|YC210SDK (ARMV4I)
		{20AE84AD-BFDC-49CE-8EAB-70B7F6FE112B}.Debug|STANDARDSDK_500 (MIPSIV).ActiveCfg = Debug|YC210SDK (ARMV4I)
		{20AE84AD-BFDC-49CE-8EAB-70B7F6FE112B}.Debug|STANDARDSDK_500 (MIPSIV_FP).ActiveCfg = Debug|YC210SDK (ARMV4I)
		{20AE84AD-BFDC-49CE-8EAB-70B7F6FE112B}.Debug|STANDARDSDK_500 (SH4).ActiveCfg = Debug|YC210SDK (ARMV4I)
		{20AE84AD-BFDC-49CE-8EAB-70B7F6FE112B}.Debug|STANDARDSDK_500 (x86).ActiveCfg = Debug|YC210SDK (ARMV4I)
		{20AE84AD-BFDC-49CE-8EAB-70B7F6FE112B}.Debug|TCC892x_W7_SDK (ARMv4I).ActiveCfg = Debug|YC210SDK (ARMV4I)
		{20AE84AD-BFDC-49CE-8EAB-70B7F6FE112B}.Debug|tele_SDK1 (ARMV4I).ActiveCfg = Debug|YC210SDK (ARMV4I)
		{20AE84AD-BFDC-49CE-8EAB-70B7F6FE112B}.Debug|Windows Mobile 6 Professional SDK (ARMV4I).ActiveCfg = Debug|YC210SDK (ARMV4I)
		{20AE84AD-BFDC-49CE-8EAB-70B7F6FE112B}.Debug|YC210SDK (ARMV4I).ActiveCfg = Debug|YC210SDK (ARMV4I)
		{20AE84AD-BFDC-49CE-8EAB-70B7F6FE112B}.Debug|YC210SDK (ARMV4I).Build.0 = Debug|YC210SDK (ARMV4I)
		{20AE84AD-BFDC-49CE-8EAB-70B7F6FE112B}.Debug|YC210SDK (ARMV4I).Deploy.0 = Debug|YC210SDK (ARMV4I)
		{20AE84AD-BFDC-49CE-8EAB-70B7F6FE112B}.Release|Mixed Platforms.ActiveCfg = Release|YC210SDK (ARMV4I)
		{20AE84AD-BFDC-49CE-8EAB-70B7F6FE112B}.Release|Mixed Platforms.Build.0 = Release|YC210SDK (ARMV4I)
		{20AE84AD-BFDC-49CE-8EAB-70B7F6FE112B}.Release|Mixed Platforms.Deploy.0 = Release|YC210SDK (ARMV4I)
		{20AE84AD-BFDC-49CE-8EAB-70B7F6FE112B}.Release|Pocket PC 2003 (ARMV4).ActiveCfg = Release|YC210SDK (ARMV4I)
		{20AE84AD-BFDC-49CE-8EAB-70B7F6FE112B}.Release|Pocket PC 2003 (ARMV4).Build.0 = Release|YC210SDK (ARMV4I)
		{20AE84AD-BFDC-49CE-8EAB-70B7F6FE112B}.Release|Pocket PC 2003 (ARMV4).Deploy.0 = Release|YC210SDK (ARMV4I)
		{20AE84AD-BFDC-49CE-8EAB-70B7F6FE112B}.Release|SDK2 (ARMV4I).ActiveCfg = Release|YC210SDK (ARMV4I)
		{20AE84AD-BFDC-49CE-8EAB-70B7F6FE112B}.Release|SDK2 (ARMV4I).Build.0 = Release|YC210SDK (ARMV4I)
		{20AE84AD-BFDC-49CE-8EAB-70B7F6FE112B}.Release|SDK2 (ARMV4I).Deploy.0 = Release|YC210SDK (ARMV4I)
		{20AE84AD-BFDC-49CE-8EAB-70B7F6FE112B}.Release|STANDARDSDK_500 (ARMV4I).ActiveCfg = Release|YC210SDK (ARMV4I)
		{20AE84AD-BFDC-49CE-8EAB-70B7F6FE112B}.Release|STANDARDSDK_500 (MIPSII).ActiveCfg = Release|YC210SDK (ARMV4I)
		{20AE84AD-BFDC-49CE-8EAB-70B7F6FE112B}.Release|STANDARDSDK_500 (MIPSII_FP).ActiveCfg = Release|YC210SDK (ARMV4I)
		{20AE84AD-BFDC-49CE-8EAB-70B7F6FE112B}.Release|STANDARDSDK_500 (MIPSIV).ActiveCfg = Release|YC210SDK (ARMV4I)
		{20AE84AD-BFDC-49CE-8EAB-70B7F6FE112B}.Release|STANDARDSDK_500 (MIPSIV_FP).ActiveCfg = Release|YC210SDK (ARMV4I)
		{20AE84AD-BFDC-49CE-8EAB-70B7F6FE112B}.Release|STANDARDSDK_500 (SH4).ActiveCfg = Release|YC210SDK (ARMV4I)
		{20AE84AD-BFDC-49CE-8EAB-70B7F6FE112B}.Release|STANDARDSDK_500 (x86).ActiveCfg = Release|YC210SDK (ARMV4I)
		{20AE84AD-BFDC-49CE-8EAB-70B7F6FE112B}.Release|TCC892x_W7_SDK (ARMv4I).ActiveCfg = Release|YC210SDK (ARMV4I)
		{20AE84AD-BFDC-49CE-8EAB-70B7F6FE112B}.Release|tele_SDK1 (ARMV4I).ActiveCfg = Release|YC210SDK (ARMV4I)
		{20AE84AD-BFDC-49CE-8EAB-70B7F6FE112B}.Release|Windows Mobile 6 Professional SDK (ARMV4I).ActiveCfg = Release|YC210SDK (ARMV4I)
		{20AE84AD-BFDC-49CE-8EAB-70B7F6FE112B}.Release|YC210SDK (ARMV4I).ActiveCfg = Release|YC210SDK (ARMV4I)
		{20AE84AD-BFDC-49CE-8EAB-70B7F6FE112B}.Release|YC210SDK (ARMV4I).Build.0 = Release|YC210SDK (ARMV4I)
		{20AE84AD-BFDC-49CE-8EAB-70B7F6FE112B}.Release|YC210SDK (ARMV4I).Deploy.0 = Release|YC210SDK (ARMV4I)
	EndGlobalSection
	GlobalSection(SolutionProperties) = preSolution
		HideSolutionNode = FALSE
	EndGlobalSection
	GlobalSection(ExtensibilityGlobals) = postSolution
		VisualSVNWorkingCopyRoot = .
	EndGlobalSection
EndGlobal
